
Microsoft Visual Studio Solution File, Format Version 12.00
# Visual Studio 14
VisualStudioVersion = 14.0.25420.1
MinimumVisualStudioVersion = 10.0.40219.1
Project("{FAE04EC0-301F-11D3-BF4B-00C04F79EFBC}") = "XF.SignaturePad", "..\src\XF.SignaturePad\XF.SignaturePad.csproj", "{30757D16-8A20-4CC2-A4B7-1DEEC7C77C51}"
EndProject
Project("{FAE04EC0-301F-11D3-BF4B-00C04F79EFBC}") = "XF.SignaturePad.iOS", "..\src\XF.SignaturePad.iOS\XF.SignaturePad.iOS.csproj", "{56A85B31-56C1-452E-9DE1-C48C163D07FF}"
EndProject
Project("{FAE04EC0-301F-11D3-BF4B-00C04F79EFBC}") = "XF.SignaturePad.Droid", "..\src\XF.SignaturePad.Droid\XF.SignaturePad.Droid.csproj", "{59302C85-D429-4494-96E2-E9483F77C15A}"
EndProject
Project("{FAE04EC0-301F-11D3-BF4B-00C04F79EFBC}") = "XF.SignaturePad.UWP", "..\src\XF.SignaturePad.UWP\XF.SignaturePad.UWP.csproj", "{0F1E83B1-7A91-4965-A927-3CECAB1DBAA1}"
EndProject
Project("{FAE04EC0-301F-11D3-BF4B-00C04F79EFBC}") = "XF.SignaturePad.WinPhone8", "..\src\XF.SignaturePad.WinPhone8\XF.SignaturePad.WinPhone8.csproj", "{A776216F-D7D4-44F1-9371-5DEEDD40A592}"
EndProject
Project("{FAE04EC0-301F-11D3-BF4B-00C04F79EFBC}") = "XF.SignaturePad.WinStore", "..\src\XF.SignaturePad.WinStore\XF.SignaturePad.WinStore.csproj", "{CF5330A2-6A81-4AFB-9504-BBAE3EDFEC14}"
EndProject
Project("{FAE04EC0-301F-11D3-BF4B-00C04F79EFBC}") = "XF.SignaturePad.WinPhone81", "..\src\XF.SignaturePad.WinPhone81\XF.SignaturePad.WinPhone81.csproj", "{0DAA9F91-B96F-4C9C-856C-256D54E9AAEE}"
EndProject
Project("{D954291E-2A0B-460D-934E-DC6B0785DB48}") = "XF.SignaturePad.Windows.Shared", "..\src\XF.SignaturePad.Windows.Shared\XF.SignaturePad.Windows.Shared.shproj", "{EEBC365A-1DDA-4979-BD32-7E11B8E0C2A6}"
EndProject
Project("{2150E333-8FDC-42A3-9474-1A3956D46DE8}") = "SignaturePad", "SignaturePad", "{8E99BA0D-D1A2-4590-9774-BC57438E8897}"
EndProject
Project("{FAE04EC0-301F-11D3-BF4B-00C04F79EFBC}") = "XF.SignaturePad.Sample", "XF.SignaturePad.Sample\XF.SignaturePad.Sample\XF.SignaturePad.Sample.csproj", "{871CF40C-5C42-43B9-9AAE-0B1E5B41FD4A}"
EndProject
Project("{FAE04EC0-301F-11D3-BF4B-00C04F79EFBC}") = "XF.SignaturePad.Sample.Droid", "XF.SignaturePad.Sample\XF.SignaturePad.Sample.Droid\XF.SignaturePad.Sample.Droid.csproj", "{94626DDD-68C5-4C92-B97A-E20A32D1EB22}"
EndProject
Project("{FAE04EC0-301F-11D3-BF4B-00C04F79EFBC}") = "XF.SignaturePad.Sample.WinPhone", "XF.SignaturePad.Sample\XF.SignaturePad.Sample.WinPhone\XF.SignaturePad.Sample.WinPhone.csproj", "{5EC9428D-4EF8-46BE-A2A0-078E9E616B04}"
EndProject
Project("{FAE04EC0-301F-11D3-BF4B-00C04F79EFBC}") = "XF.SignaturePad.Sample.UWP", "XF.SignaturePad.Sample\XF.SignaturePad.Sample.UWP\XF.SignaturePad.Sample.UWP.csproj", "{02AED995-AE9D-4FFB-B257-417F45B2D36A}"
EndProject
Project("{FAE04EC0-301F-11D3-BF4B-00C04F79EFBC}") = "XF.SignaturePad.Sample.Windows", "XF.SignaturePad.Sample\XF.SignaturePad.Sample.Windows\XF.SignaturePad.Sample.Windows.csproj", "{90480552-6CBB-4323-A858-1E68B1F74D2B}"
EndProject
Project("{FAE04EC0-301F-11D3-BF4B-00C04F79EFBC}") = "XF.SignaturePad.Sample.iOS", "XF.SignaturePad.Sample\XF.SignaturePad.Sample.iOS\XF.SignaturePad.Sample.iOS.csproj", "{18937E4E-9ED1-4778-A5FA-2B8DC1F61DD7}"
EndProject
Global
	GlobalSection(SharedMSBuildProjectFiles) = preSolution
		..\src\XF.SignaturePad.Windows.Shared\XF.SignaturePad.Windows.Shared.projitems*{eebc365a-1dda-4979-bd32-7e11b8e0c2a6}*SharedItemsImports = 13
	EndGlobalSection
	GlobalSection(SolutionConfigurationPlatforms) = preSolution
		Ad-Hoc|Any CPU = Ad-Hoc|Any CPU
		Ad-Hoc|ARM = Ad-Hoc|ARM
		Ad-Hoc|iPhone = Ad-Hoc|iPhone
		Ad-Hoc|iPhoneSimulator = Ad-Hoc|iPhoneSimulator
		Ad-Hoc|x64 = Ad-Hoc|x64
		Ad-Hoc|x86 = Ad-Hoc|x86
		AppStore|Any CPU = AppStore|Any CPU
		AppStore|ARM = AppStore|ARM
		AppStore|iPhone = AppStore|iPhone
		AppStore|iPhoneSimulator = AppStore|iPhoneSimulator
		AppStore|x64 = AppStore|x64
		AppStore|x86 = AppStore|x86
		Debug|Any CPU = Debug|Any CPU
		Debug|ARM = Debug|ARM
		Debug|iPhone = Debug|iPhone
		Debug|iPhoneSimulator = Debug|iPhoneSimulator
		Debug|x64 = Debug|x64
		Debug|x86 = Debug|x86
		Release|Any CPU = Release|Any CPU
		Release|ARM = Release|ARM
		Release|iPhone = Release|iPhone
		Release|iPhoneSimulator = Release|iPhoneSimulator
		Release|x64 = Release|x64
		Release|x86 = Release|x86
	EndGlobalSection
	GlobalSection(ProjectConfigurationPlatforms) = postSolution
		{30757D16-8A20-4CC2-A4B7-1DEEC7C77C51}.Ad-Hoc|Any CPU.ActiveCfg = Release|Any CPU
		{30757D16-8A20-4CC2-A4B7-1DEEC7C77C51}.Ad-Hoc|Any CPU.Build.0 = Release|Any CPU
		{30757D16-8A20-4CC2-A4B7-1DEEC7C77C51}.Ad-Hoc|ARM.ActiveCfg = Release|Any CPU
		{30757D16-8A20-4CC2-A4B7-1DEEC7C77C51}.Ad-Hoc|ARM.Build.0 = Release|Any CPU
		{30757D16-8A20-4CC2-A4B7-1DEEC7C77C51}.Ad-Hoc|iPhone.ActiveCfg = Release|Any CPU
		{30757D16-8A20-4CC2-A4B7-1DEEC7C77C51}.Ad-Hoc|iPhone.Build.0 = Release|Any CPU
		{30757D16-8A20-4CC2-A4B7-1DEEC7C77C51}.Ad-Hoc|iPhoneSimulator.ActiveCfg = Release|Any CPU
		{30757D16-8A20-4CC2-A4B7-1DEEC7C77C51}.Ad-Hoc|iPhoneSimulator.Build.0 = Release|Any CPU
		{30757D16-8A20-4CC2-A4B7-1DEEC7C77C51}.Ad-Hoc|x64.ActiveCfg = Release|Any CPU
		{30757D16-8A20-4CC2-A4B7-1DEEC7C77C51}.Ad-Hoc|x64.Build.0 = Release|Any CPU
		{30757D16-8A20-4CC2-A4B7-1DEEC7C77C51}.Ad-Hoc|x86.ActiveCfg = Release|Any CPU
		{30757D16-8A20-4CC2-A4B7-1DEEC7C77C51}.Ad-Hoc|x86.Build.0 = Release|Any CPU
		{30757D16-8A20-4CC2-A4B7-1DEEC7C77C51}.AppStore|Any CPU.ActiveCfg = Release|Any CPU
		{30757D16-8A20-4CC2-A4B7-1DEEC7C77C51}.AppStore|Any CPU.Build.0 = Release|Any CPU
		{30757D16-8A20-4CC2-A4B7-1DEEC7C77C51}.AppStore|ARM.ActiveCfg = Release|Any CPU
		{30757D16-8A20-4CC2-A4B7-1DEEC7C77C51}.AppStore|ARM.Build.0 = Release|Any CPU
		{30757D16-8A20-4CC2-A4B7-1DEEC7C77C51}.AppStore|iPhone.ActiveCfg = Release|Any CPU
		{30757D16-8A20-4CC2-A4B7-1DEEC7C77C51}.AppStore|iPhone.Build.0 = Release|Any CPU
		{30757D16-8A20-4CC2-A4B7-1DEEC7C77C51}.AppStore|iPhoneSimulator.ActiveCfg = Release|Any CPU
		{30757D16-8A20-4CC2-A4B7-1DEEC7C77C51}.AppStore|iPhoneSimulator.Build.0 = Release|Any CPU
		{30757D16-8A20-4CC2-A4B7-1DEEC7C77C51}.AppStore|x64.ActiveCfg = Release|Any CPU
		{30757D16-8A20-4CC2-A4B7-1DEEC7C77C51}.AppStore|x64.Build.0 = Release|Any CPU
		{30757D16-8A20-4CC2-A4B7-1DEEC7C77C51}.AppStore|x86.ActiveCfg = Release|Any CPU
		{30757D16-8A20-4CC2-A4B7-1DEEC7C77C51}.AppStore|x86.Build.0 = Release|Any CPU
		{30757D16-8A20-4CC2-A4B7-1DEEC7C77C51}.Debug|Any CPU.ActiveCfg = Debug|Any CPU
		{30757D16-8A20-4CC2-A4B7-1DEEC7C77C51}.Debug|Any CPU.Build.0 = Debug|Any CPU
		{30757D16-8A20-4CC2-A4B7-1DEEC7C77C51}.Debug|ARM.ActiveCfg = Debug|Any CPU
		{30757D16-8A20-4CC2-A4B7-1DEEC7C77C51}.Debug|ARM.Build.0 = Debug|Any CPU
		{30757D16-8A20-4CC2-A4B7-1DEEC7C77C51}.Debug|iPhone.ActiveCfg = Debug|Any CPU
		{30757D16-8A20-4CC2-A4B7-1DEEC7C77C51}.Debug|iPhone.Build.0 = Debug|Any CPU
		{30757D16-8A20-4CC2-A4B7-1DEEC7C77C51}.Debug|iPhoneSimulator.ActiveCfg = Debug|Any CPU
		{30757D16-8A20-4CC2-A4B7-1DEEC7C77C51}.Debug|iPhoneSimulator.Build.0 = Debug|Any CPU
		{30757D16-8A20-4CC2-A4B7-1DEEC7C77C51}.Debug|x64.ActiveCfg = Debug|Any CPU
		{30757D16-8A20-4CC2-A4B7-1DEEC7C77C51}.Debug|x64.Build.0 = Debug|Any CPU
		{30757D16-8A20-4CC2-A4B7-1DEEC7C77C51}.Debug|x86.ActiveCfg = Debug|Any CPU
		{30757D16-8A20-4CC2-A4B7-1DEEC7C77C51}.Debug|x86.Build.0 = Debug|Any CPU
		{30757D16-8A20-4CC2-A4B7-1DEEC7C77C51}.Release|Any CPU.ActiveCfg = Release|Any CPU
		{30757D16-8A20-4CC2-A4B7-1DEEC7C77C51}.Release|Any CPU.Build.0 = Release|Any CPU
		{30757D16-8A20-4CC2-A4B7-1DEEC7C77C51}.Release|ARM.ActiveCfg = Release|Any CPU
		{30757D16-8A20-4CC2-A4B7-1DEEC7C77C51}.Release|ARM.Build.0 = Release|Any CPU
		{30757D16-8A20-4CC2-A4B7-1DEEC7C77C51}.Release|iPhone.ActiveCfg = Release|Any CPU
		{30757D16-8A20-4CC2-A4B7-1DEEC7C77C51}.Release|iPhone.Build.0 = Release|Any CPU
		{30757D16-8A20-4CC2-A4B7-1DEEC7C77C51}.Release|iPhoneSimulator.ActiveCfg = Release|Any CPU
		{30757D16-8A20-4CC2-A4B7-1DEEC7C77C51}.Release|iPhoneSimulator.Build.0 = Release|Any CPU
		{30757D16-8A20-4CC2-A4B7-1DEEC7C77C51}.Release|x64.ActiveCfg = Release|Any CPU
		{30757D16-8A20-4CC2-A4B7-1DEEC7C77C51}.Release|x64.Build.0 = Release|Any CPU
		{30757D16-8A20-4CC2-A4B7-1DEEC7C77C51}.Release|x86.ActiveCfg = Release|Any CPU
		{30757D16-8A20-4CC2-A4B7-1DEEC7C77C51}.Release|x86.Build.0 = Release|Any CPU
		{56A85B31-56C1-452E-9DE1-C48C163D07FF}.Ad-Hoc|Any CPU.ActiveCfg = Release|Any CPU
		{56A85B31-56C1-452E-9DE1-C48C163D07FF}.Ad-Hoc|Any CPU.Build.0 = Release|Any CPU
		{56A85B31-56C1-452E-9DE1-C48C163D07FF}.Ad-Hoc|ARM.ActiveCfg = Release|Any CPU
		{56A85B31-56C1-452E-9DE1-C48C163D07FF}.Ad-Hoc|ARM.Build.0 = Release|Any CPU
		{56A85B31-56C1-452E-9DE1-C48C163D07FF}.Ad-Hoc|iPhone.ActiveCfg = Release|Any CPU
		{56A85B31-56C1-452E-9DE1-C48C163D07FF}.Ad-Hoc|iPhone.Build.0 = Release|Any CPU
		{56A85B31-56C1-452E-9DE1-C48C163D07FF}.Ad-Hoc|iPhoneSimulator.ActiveCfg = Release|Any CPU
		{56A85B31-56C1-452E-9DE1-C48C163D07FF}.Ad-Hoc|iPhoneSimulator.Build.0 = Release|Any CPU
		{56A85B31-56C1-452E-9DE1-C48C163D07FF}.Ad-Hoc|x64.ActiveCfg = Release|Any CPU
		{56A85B31-56C1-452E-9DE1-C48C163D07FF}.Ad-Hoc|x64.Build.0 = Release|Any CPU
		{56A85B31-56C1-452E-9DE1-C48C163D07FF}.Ad-Hoc|x86.ActiveCfg = Release|Any CPU
		{56A85B31-56C1-452E-9DE1-C48C163D07FF}.Ad-Hoc|x86.Build.0 = Release|Any CPU
		{56A85B31-56C1-452E-9DE1-C48C163D07FF}.AppStore|Any CPU.ActiveCfg = Release|Any CPU
		{56A85B31-56C1-452E-9DE1-C48C163D07FF}.AppStore|Any CPU.Build.0 = Release|Any CPU
		{56A85B31-56C1-452E-9DE1-C48C163D07FF}.AppStore|ARM.ActiveCfg = Release|Any CPU
		{56A85B31-56C1-452E-9DE1-C48C163D07FF}.AppStore|ARM.Build.0 = Release|Any CPU
		{56A85B31-56C1-452E-9DE1-C48C163D07FF}.AppStore|iPhone.ActiveCfg = Release|Any CPU
		{56A85B31-56C1-452E-9DE1-C48C163D07FF}.AppStore|iPhone.Build.0 = Release|Any CPU
		{56A85B31-56C1-452E-9DE1-C48C163D07FF}.AppStore|iPhoneSimulator.ActiveCfg = Release|Any CPU
		{56A85B31-56C1-452E-9DE1-C48C163D07FF}.AppStore|iPhoneSimulator.Build.0 = Release|Any CPU
		{56A85B31-56C1-452E-9DE1-C48C163D07FF}.AppStore|x64.ActiveCfg = Release|Any CPU
		{56A85B31-56C1-452E-9DE1-C48C163D07FF}.AppStore|x64.Build.0 = Release|Any CPU
		{56A85B31-56C1-452E-9DE1-C48C163D07FF}.AppStore|x86.ActiveCfg = Release|Any CPU
		{56A85B31-56C1-452E-9DE1-C48C163D07FF}.AppStore|x86.Build.0 = Release|Any CPU
		{56A85B31-56C1-452E-9DE1-C48C163D07FF}.Debug|Any CPU.ActiveCfg = Debug|Any CPU
		{56A85B31-56C1-452E-9DE1-C48C163D07FF}.Debug|Any CPU.Build.0 = Debug|Any CPU
		{56A85B31-56C1-452E-9DE1-C48C163D07FF}.Debug|ARM.ActiveCfg = Debug|Any CPU
		{56A85B31-56C1-452E-9DE1-C48C163D07FF}.Debug|ARM.Build.0 = Debug|Any CPU
		{56A85B31-56C1-452E-9DE1-C48C163D07FF}.Debug|iPhone.ActiveCfg = Debug|Any CPU
		{56A85B31-56C1-452E-9DE1-C48C163D07FF}.Debug|iPhone.Build.0 = Debug|Any CPU
		{56A85B31-56C1-452E-9DE1-C48C163D07FF}.Debug|iPhoneSimulator.ActiveCfg = Debug|Any CPU
		{56A85B31-56C1-452E-9DE1-C48C163D07FF}.Debug|iPhoneSimulator.Build.0 = Debug|Any CPU
		{56A85B31-56C1-452E-9DE1-C48C163D07FF}.Debug|x64.ActiveCfg = Debug|Any CPU
		{56A85B31-56C1-452E-9DE1-C48C163D07FF}.Debug|x64.Build.0 = Debug|Any CPU
		{56A85B31-56C1-452E-9DE1-C48C163D07FF}.Debug|x86.ActiveCfg = Debug|Any CPU
		{56A85B31-56C1-452E-9DE1-C48C163D07FF}.Debug|x86.Build.0 = Debug|Any CPU
		{56A85B31-56C1-452E-9DE1-C48C163D07FF}.Release|Any CPU.ActiveCfg = Release|Any CPU
		{56A85B31-56C1-452E-9DE1-C48C163D07FF}.Release|Any CPU.Build.0 = Release|Any CPU
		{56A85B31-56C1-452E-9DE1-C48C163D07FF}.Release|ARM.ActiveCfg = Release|Any CPU
		{56A85B31-56C1-452E-9DE1-C48C163D07FF}.Release|ARM.Build.0 = Release|Any CPU
		{56A85B31-56C1-452E-9DE1-C48C163D07FF}.Release|iPhone.ActiveCfg = Release|Any CPU
		{56A85B31-56C1-452E-9DE1-C48C163D07FF}.Release|iPhone.Build.0 = Release|Any CPU
		{56A85B31-56C1-452E-9DE1-C48C163D07FF}.Release|iPhoneSimulator.ActiveCfg = Release|Any CPU
		{56A85B31-56C1-452E-9DE1-C48C163D07FF}.Release|iPhoneSimulator.Build.0 = Release|Any CPU
		{56A85B31-56C1-452E-9DE1-C48C163D07FF}.Release|x64.ActiveCfg = Release|Any CPU
		{56A85B31-56C1-452E-9DE1-C48C163D07FF}.Release|x64.Build.0 = Release|Any CPU
		{56A85B31-56C1-452E-9DE1-C48C163D07FF}.Release|x86.ActiveCfg = Release|Any CPU
		{56A85B31-56C1-452E-9DE1-C48C163D07FF}.Release|x86.Build.0 = Release|Any CPU
		{59302C85-D429-4494-96E2-E9483F77C15A}.Ad-Hoc|Any CPU.ActiveCfg = Release|Any CPU
		{59302C85-D429-4494-96E2-E9483F77C15A}.Ad-Hoc|ARM.ActiveCfg = Release|Any CPU
		{59302C85-D429-4494-96E2-E9483F77C15A}.Ad-Hoc|iPhone.ActiveCfg = Release|Any CPU
		{59302C85-D429-4494-96E2-E9483F77C15A}.Ad-Hoc|iPhoneSimulator.ActiveCfg = Release|Any CPU
		{59302C85-D429-4494-96E2-E9483F77C15A}.Ad-Hoc|x64.ActiveCfg = Release|Any CPU
		{59302C85-D429-4494-96E2-E9483F77C15A}.Ad-Hoc|x86.ActiveCfg = Release|Any CPU
		{59302C85-D429-4494-96E2-E9483F77C15A}.AppStore|Any CPU.ActiveCfg = Release|Any CPU
		{59302C85-D429-4494-96E2-E9483F77C15A}.AppStore|Any CPU.Build.0 = Release|Any CPU
		{59302C85-D429-4494-96E2-E9483F77C15A}.AppStore|ARM.ActiveCfg = Release|Any CPU
		{59302C85-D429-4494-96E2-E9483F77C15A}.AppStore|ARM.Build.0 = Release|Any CPU
		{59302C85-D429-4494-96E2-E9483F77C15A}.AppStore|iPhone.ActiveCfg = Release|Any CPU
		{59302C85-D429-4494-96E2-E9483F77C15A}.AppStore|iPhoneSimulator.ActiveCfg = Release|Any CPU
		{59302C85-D429-4494-96E2-E9483F77C15A}.AppStore|x64.ActiveCfg = Release|Any CPU
		{59302C85-D429-4494-96E2-E9483F77C15A}.AppStore|x64.Build.0 = Release|Any CPU
		{59302C85-D429-4494-96E2-E9483F77C15A}.AppStore|x86.ActiveCfg = Release|Any CPU
		{59302C85-D429-4494-96E2-E9483F77C15A}.AppStore|x86.Build.0 = Release|Any CPU
		{59302C85-D429-4494-96E2-E9483F77C15A}.Debug|Any CPU.ActiveCfg = Debug|Any CPU
		{59302C85-D429-4494-96E2-E9483F77C15A}.Debug|Any CPU.Build.0 = Debug|Any CPU
		{59302C85-D429-4494-96E2-E9483F77C15A}.Debug|ARM.ActiveCfg = Debug|Any CPU
		{59302C85-D429-4494-96E2-E9483F77C15A}.Debug|ARM.Build.0 = Debug|Any CPU
		{59302C85-D429-4494-96E2-E9483F77C15A}.Debug|iPhone.ActiveCfg = Debug|Any CPU
		{59302C85-D429-4494-96E2-E9483F77C15A}.Debug|iPhoneSimulator.ActiveCfg = Debug|Any CPU
		{59302C85-D429-4494-96E2-E9483F77C15A}.Debug|x64.ActiveCfg = Debug|Any CPU
		{59302C85-D429-4494-96E2-E9483F77C15A}.Debug|x64.Build.0 = Debug|Any CPU
		{59302C85-D429-4494-96E2-E9483F77C15A}.Debug|x86.ActiveCfg = Debug|Any CPU
		{59302C85-D429-4494-96E2-E9483F77C15A}.Debug|x86.Build.0 = Debug|Any CPU
		{59302C85-D429-4494-96E2-E9483F77C15A}.Release|Any CPU.ActiveCfg = Release|Any CPU
		{59302C85-D429-4494-96E2-E9483F77C15A}.Release|Any CPU.Build.0 = Release|Any CPU
		{59302C85-D429-4494-96E2-E9483F77C15A}.Release|ARM.ActiveCfg = Release|Any CPU
		{59302C85-D429-4494-96E2-E9483F77C15A}.Release|ARM.Build.0 = Release|Any CPU
		{59302C85-D429-4494-96E2-E9483F77C15A}.Release|iPhone.ActiveCfg = Release|Any CPU
		{59302C85-D429-4494-96E2-E9483F77C15A}.Release|iPhoneSimulator.ActiveCfg = Release|Any CPU
		{59302C85-D429-4494-96E2-E9483F77C15A}.Release|x64.ActiveCfg = Release|Any CPU
		{59302C85-D429-4494-96E2-E9483F77C15A}.Release|x64.Build.0 = Release|Any CPU
		{59302C85-D429-4494-96E2-E9483F77C15A}.Release|x86.ActiveCfg = Release|Any CPU
		{59302C85-D429-4494-96E2-E9483F77C15A}.Release|x86.Build.0 = Release|Any CPU
		{0F1E83B1-7A91-4965-A927-3CECAB1DBAA1}.Ad-Hoc|Any CPU.ActiveCfg = Release|Any CPU
		{0F1E83B1-7A91-4965-A927-3CECAB1DBAA1}.Ad-Hoc|Any CPU.Build.0 = Release|Any CPU
		{0F1E83B1-7A91-4965-A927-3CECAB1DBAA1}.Ad-Hoc|ARM.ActiveCfg = Release|ARM
		{0F1E83B1-7A91-4965-A927-3CECAB1DBAA1}.Ad-Hoc|ARM.Build.0 = Release|ARM
		{0F1E83B1-7A91-4965-A927-3CECAB1DBAA1}.Ad-Hoc|iPhone.ActiveCfg = Release|Any CPU
		{0F1E83B1-7A91-4965-A927-3CECAB1DBAA1}.Ad-Hoc|iPhone.Build.0 = Release|Any CPU
		{0F1E83B1-7A91-4965-A927-3CECAB1DBAA1}.Ad-Hoc|iPhoneSimulator.ActiveCfg = Release|Any CPU
		{0F1E83B1-7A91-4965-A927-3CECAB1DBAA1}.Ad-Hoc|iPhoneSimulator.Build.0 = Release|Any CPU
		{0F1E83B1-7A91-4965-A927-3CECAB1DBAA1}.Ad-Hoc|x64.ActiveCfg = Release|x64
		{0F1E83B1-7A91-4965-A927-3CECAB1DBAA1}.Ad-Hoc|x64.Build.0 = Release|x64
		{0F1E83B1-7A91-4965-A927-3CECAB1DBAA1}.Ad-Hoc|x86.ActiveCfg = Release|x86
		{0F1E83B1-7A91-4965-A927-3CECAB1DBAA1}.Ad-Hoc|x86.Build.0 = Release|x86
		{0F1E83B1-7A91-4965-A927-3CECAB1DBAA1}.AppStore|Any CPU.ActiveCfg = Release|Any CPU
		{0F1E83B1-7A91-4965-A927-3CECAB1DBAA1}.AppStore|Any CPU.Build.0 = Release|Any CPU
		{0F1E83B1-7A91-4965-A927-3CECAB1DBAA1}.AppStore|ARM.ActiveCfg = Release|ARM
		{0F1E83B1-7A91-4965-A927-3CECAB1DBAA1}.AppStore|ARM.Build.0 = Release|ARM
		{0F1E83B1-7A91-4965-A927-3CECAB1DBAA1}.AppStore|iPhone.ActiveCfg = Release|Any CPU
		{0F1E83B1-7A91-4965-A927-3CECAB1DBAA1}.AppStore|iPhone.Build.0 = Release|Any CPU
		{0F1E83B1-7A91-4965-A927-3CECAB1DBAA1}.AppStore|iPhoneSimulator.ActiveCfg = Release|Any CPU
		{0F1E83B1-7A91-4965-A927-3CECAB1DBAA1}.AppStore|iPhoneSimulator.Build.0 = Release|Any CPU
		{0F1E83B1-7A91-4965-A927-3CECAB1DBAA1}.AppStore|x64.ActiveCfg = Release|x64
		{0F1E83B1-7A91-4965-A927-3CECAB1DBAA1}.AppStore|x64.Build.0 = Release|x64
		{0F1E83B1-7A91-4965-A927-3CECAB1DBAA1}.AppStore|x86.ActiveCfg = Release|x86
		{0F1E83B1-7A91-4965-A927-3CECAB1DBAA1}.AppStore|x86.Build.0 = Release|x86
		{0F1E83B1-7A91-4965-A927-3CECAB1DBAA1}.Debug|Any CPU.ActiveCfg = Debug|Any CPU
		{0F1E83B1-7A91-4965-A927-3CECAB1DBAA1}.Debug|Any CPU.Build.0 = Debug|Any CPU
		{0F1E83B1-7A91-4965-A927-3CECAB1DBAA1}.Debug|ARM.ActiveCfg = Debug|ARM
		{0F1E83B1-7A91-4965-A927-3CECAB1DBAA1}.Debug|ARM.Build.0 = Debug|ARM
		{0F1E83B1-7A91-4965-A927-3CECAB1DBAA1}.Debug|iPhone.ActiveCfg = Debug|Any CPU
		{0F1E83B1-7A91-4965-A927-3CECAB1DBAA1}.Debug|iPhone.Build.0 = Debug|Any CPU
		{0F1E83B1-7A91-4965-A927-3CECAB1DBAA1}.Debug|iPhoneSimulator.ActiveCfg = Debug|Any CPU
		{0F1E83B1-7A91-4965-A927-3CECAB1DBAA1}.Debug|iPhoneSimulator.Build.0 = Debug|Any CPU
		{0F1E83B1-7A91-4965-A927-3CECAB1DBAA1}.Debug|x64.ActiveCfg = Debug|x64
		{0F1E83B1-7A91-4965-A927-3CECAB1DBAA1}.Debug|x64.Build.0 = Debug|x64
		{0F1E83B1-7A91-4965-A927-3CECAB1DBAA1}.Debug|x86.ActiveCfg = Debug|x86
		{0F1E83B1-7A91-4965-A927-3CECAB1DBAA1}.Debug|x86.Build.0 = Debug|x86
		{0F1E83B1-7A91-4965-A927-3CECAB1DBAA1}.Release|Any CPU.ActiveCfg = Release|Any CPU
		{0F1E83B1-7A91-4965-A927-3CECAB1DBAA1}.Release|Any CPU.Build.0 = Release|Any CPU
		{0F1E83B1-7A91-4965-A927-3CECAB1DBAA1}.Release|ARM.ActiveCfg = Release|ARM
		{0F1E83B1-7A91-4965-A927-3CECAB1DBAA1}.Release|ARM.Build.0 = Release|ARM
		{0F1E83B1-7A91-4965-A927-3CECAB1DBAA1}.Release|iPhone.ActiveCfg = Release|Any CPU
		{0F1E83B1-7A91-4965-A927-3CECAB1DBAA1}.Release|iPhone.Build.0 = Release|Any CPU
		{0F1E83B1-7A91-4965-A927-3CECAB1DBAA1}.Release|iPhoneSimulator.ActiveCfg = Release|Any CPU
		{0F1E83B1-7A91-4965-A927-3CECAB1DBAA1}.Release|iPhoneSimulator.Build.0 = Release|Any CPU
		{0F1E83B1-7A91-4965-A927-3CECAB1DBAA1}.Release|x64.ActiveCfg = Release|x64
		{0F1E83B1-7A91-4965-A927-3CECAB1DBAA1}.Release|x64.Build.0 = Release|x64
		{0F1E83B1-7A91-4965-A927-3CECAB1DBAA1}.Release|x86.ActiveCfg = Release|x86
		{0F1E83B1-7A91-4965-A927-3CECAB1DBAA1}.Release|x86.Build.0 = Release|x86
		{A776216F-D7D4-44F1-9371-5DEEDD40A592}.Ad-Hoc|Any CPU.ActiveCfg = Release|Any CPU
		{A776216F-D7D4-44F1-9371-5DEEDD40A592}.Ad-Hoc|Any CPU.Build.0 = Release|Any CPU
		{A776216F-D7D4-44F1-9371-5DEEDD40A592}.Ad-Hoc|ARM.ActiveCfg = Release|ARM
		{A776216F-D7D4-44F1-9371-5DEEDD40A592}.Ad-Hoc|ARM.Build.0 = Release|ARM
		{A776216F-D7D4-44F1-9371-5DEEDD40A592}.Ad-Hoc|iPhone.ActiveCfg = Release|Any CPU
		{A776216F-D7D4-44F1-9371-5DEEDD40A592}.Ad-Hoc|iPhone.Build.0 = Release|Any CPU
		{A776216F-D7D4-44F1-9371-5DEEDD40A592}.Ad-Hoc|iPhoneSimulator.ActiveCfg = Release|Any CPU
		{A776216F-D7D4-44F1-9371-5DEEDD40A592}.Ad-Hoc|iPhoneSimulator.Build.0 = Release|Any CPU
		{A776216F-D7D4-44F1-9371-5DEEDD40A592}.Ad-Hoc|x64.ActiveCfg = Release|Any CPU
		{A776216F-D7D4-44F1-9371-5DEEDD40A592}.Ad-Hoc|x64.Build.0 = Release|Any CPU
		{A776216F-D7D4-44F1-9371-5DEEDD40A592}.Ad-Hoc|x86.ActiveCfg = Release|x86
		{A776216F-D7D4-44F1-9371-5DEEDD40A592}.Ad-Hoc|x86.Build.0 = Release|x86
		{A776216F-D7D4-44F1-9371-5DEEDD40A592}.AppStore|Any CPU.ActiveCfg = Release|Any CPU
		{A776216F-D7D4-44F1-9371-5DEEDD40A592}.AppStore|Any CPU.Build.0 = Release|Any CPU
		{A776216F-D7D4-44F1-9371-5DEEDD40A592}.AppStore|ARM.ActiveCfg = Release|ARM
		{A776216F-D7D4-44F1-9371-5DEEDD40A592}.AppStore|ARM.Build.0 = Release|ARM
		{A776216F-D7D4-44F1-9371-5DEEDD40A592}.AppStore|iPhone.ActiveCfg = Release|Any CPU
		{A776216F-D7D4-44F1-9371-5DEEDD40A592}.AppStore|iPhone.Build.0 = Release|Any CPU
		{A776216F-D7D4-44F1-9371-5DEEDD40A592}.AppStore|iPhoneSimulator.ActiveCfg = Release|Any CPU
		{A776216F-D7D4-44F1-9371-5DEEDD40A592}.AppStore|iPhoneSimulator.Build.0 = Release|Any CPU
		{A776216F-D7D4-44F1-9371-5DEEDD40A592}.AppStore|x64.ActiveCfg = Release|Any CPU
		{A776216F-D7D4-44F1-9371-5DEEDD40A592}.AppStore|x64.Build.0 = Release|Any CPU
		{A776216F-D7D4-44F1-9371-5DEEDD40A592}.AppStore|x86.ActiveCfg = Release|x86
		{A776216F-D7D4-44F1-9371-5DEEDD40A592}.AppStore|x86.Build.0 = Release|x86
		{A776216F-D7D4-44F1-9371-5DEEDD40A592}.Debug|Any CPU.ActiveCfg = Debug|Any CPU
		{A776216F-D7D4-44F1-9371-5DEEDD40A592}.Debug|Any CPU.Build.0 = Debug|Any CPU
		{A776216F-D7D4-44F1-9371-5DEEDD40A592}.Debug|ARM.ActiveCfg = Debug|ARM
		{A776216F-D7D4-44F1-9371-5DEEDD40A592}.Debug|ARM.Build.0 = Debug|ARM
		{A776216F-D7D4-44F1-9371-5DEEDD40A592}.Debug|iPhone.ActiveCfg = Debug|Any CPU
		{A776216F-D7D4-44F1-9371-5DEEDD40A592}.Debug|iPhone.Build.0 = Debug|Any CPU
		{A776216F-D7D4-44F1-9371-5DEEDD40A592}.Debug|iPhoneSimulator.ActiveCfg = Debug|Any CPU
		{A776216F-D7D4-44F1-9371-5DEEDD40A592}.Debug|iPhoneSimulator.Build.0 = Debug|Any CPU
		{A776216F-D7D4-44F1-9371-5DEEDD40A592}.Debug|x64.ActiveCfg = Debug|Any CPU
		{A776216F-D7D4-44F1-9371-5DEEDD40A592}.Debug|x64.Build.0 = Debug|Any CPU
		{A776216F-D7D4-44F1-9371-5DEEDD40A592}.Debug|x86.ActiveCfg = Debug|x86
		{A776216F-D7D4-44F1-9371-5DEEDD40A592}.Debug|x86.Build.0 = Debug|x86
		{A776216F-D7D4-44F1-9371-5DEEDD40A592}.Release|Any CPU.ActiveCfg = Release|Any CPU
		{A776216F-D7D4-44F1-9371-5DEEDD40A592}.Release|Any CPU.Build.0 = Release|Any CPU
		{A776216F-D7D4-44F1-9371-5DEEDD40A592}.Release|ARM.ActiveCfg = Release|ARM
		{A776216F-D7D4-44F1-9371-5DEEDD40A592}.Release|ARM.Build.0 = Release|ARM
		{A776216F-D7D4-44F1-9371-5DEEDD40A592}.Release|iPhone.ActiveCfg = Release|Any CPU
		{A776216F-D7D4-44F1-9371-5DEEDD40A592}.Release|iPhone.Build.0 = Release|Any CPU
		{A776216F-D7D4-44F1-9371-5DEEDD40A592}.Release|iPhoneSimulator.ActiveCfg = Release|Any CPU
		{A776216F-D7D4-44F1-9371-5DEEDD40A592}.Release|iPhoneSimulator.Build.0 = Release|Any CPU
		{A776216F-D7D4-44F1-9371-5DEEDD40A592}.Release|x64.ActiveCfg = Release|Any CPU
		{A776216F-D7D4-44F1-9371-5DEEDD40A592}.Release|x86.ActiveCfg = Release|x86
		{A776216F-D7D4-44F1-9371-5DEEDD40A592}.Release|x86.Build.0 = Release|x86
		{CF5330A2-6A81-4AFB-9504-BBAE3EDFEC14}.Ad-Hoc|Any CPU.ActiveCfg = Release|Any CPU
		{CF5330A2-6A81-4AFB-9504-BBAE3EDFEC14}.Ad-Hoc|Any CPU.Build.0 = Release|Any CPU
		{CF5330A2-6A81-4AFB-9504-BBAE3EDFEC14}.Ad-Hoc|ARM.ActiveCfg = Release|ARM
		{CF5330A2-6A81-4AFB-9504-BBAE3EDFEC14}.Ad-Hoc|ARM.Build.0 = Release|ARM
		{CF5330A2-6A81-4AFB-9504-BBAE3EDFEC14}.Ad-Hoc|iPhone.ActiveCfg = Release|Any CPU
		{CF5330A2-6A81-4AFB-9504-BBAE3EDFEC14}.Ad-Hoc|iPhone.Build.0 = Release|Any CPU
		{CF5330A2-6A81-4AFB-9504-BBAE3EDFEC14}.Ad-Hoc|iPhoneSimulator.ActiveCfg = Release|Any CPU
		{CF5330A2-6A81-4AFB-9504-BBAE3EDFEC14}.Ad-Hoc|iPhoneSimulator.Build.0 = Release|Any CPU
		{CF5330A2-6A81-4AFB-9504-BBAE3EDFEC14}.Ad-Hoc|x64.ActiveCfg = Release|x64
		{CF5330A2-6A81-4AFB-9504-BBAE3EDFEC14}.Ad-Hoc|x64.Build.0 = Release|x64
		{CF5330A2-6A81-4AFB-9504-BBAE3EDFEC14}.Ad-Hoc|x86.ActiveCfg = Release|x86
		{CF5330A2-6A81-4AFB-9504-BBAE3EDFEC14}.Ad-Hoc|x86.Build.0 = Release|x86
		{CF5330A2-6A81-4AFB-9504-BBAE3EDFEC14}.AppStore|Any CPU.ActiveCfg = Release|Any CPU
		{CF5330A2-6A81-4AFB-9504-BBAE3EDFEC14}.AppStore|Any CPU.Build.0 = Release|Any CPU
		{CF5330A2-6A81-4AFB-9504-BBAE3EDFEC14}.AppStore|ARM.ActiveCfg = Release|ARM
		{CF5330A2-6A81-4AFB-9504-BBAE3EDFEC14}.AppStore|ARM.Build.0 = Release|ARM
		{CF5330A2-6A81-4AFB-9504-BBAE3EDFEC14}.AppStore|iPhone.ActiveCfg = Release|Any CPU
		{CF5330A2-6A81-4AFB-9504-BBAE3EDFEC14}.AppStore|iPhone.Build.0 = Release|Any CPU
		{CF5330A2-6A81-4AFB-9504-BBAE3EDFEC14}.AppStore|iPhoneSimulator.ActiveCfg = Release|Any CPU
		{CF5330A2-6A81-4AFB-9504-BBAE3EDFEC14}.AppStore|iPhoneSimulator.Build.0 = Release|Any CPU
		{CF5330A2-6A81-4AFB-9504-BBAE3EDFEC14}.AppStore|x64.ActiveCfg = Release|x64
		{CF5330A2-6A81-4AFB-9504-BBAE3EDFEC14}.AppStore|x64.Build.0 = Release|x64
		{CF5330A2-6A81-4AFB-9504-BBAE3EDFEC14}.AppStore|x86.ActiveCfg = Release|x86
		{CF5330A2-6A81-4AFB-9504-BBAE3EDFEC14}.AppStore|x86.Build.0 = Release|x86
		{CF5330A2-6A81-4AFB-9504-BBAE3EDFEC14}.Debug|Any CPU.ActiveCfg = Debug|Any CPU
		{CF5330A2-6A81-4AFB-9504-BBAE3EDFEC14}.Debug|Any CPU.Build.0 = Debug|Any CPU
		{CF5330A2-6A81-4AFB-9504-BBAE3EDFEC14}.Debug|ARM.ActiveCfg = Debug|ARM
		{CF5330A2-6A81-4AFB-9504-BBAE3EDFEC14}.Debug|ARM.Build.0 = Debug|ARM
		{CF5330A2-6A81-4AFB-9504-BBAE3EDFEC14}.Debug|iPhone.ActiveCfg = Debug|Any CPU
		{CF5330A2-6A81-4AFB-9504-BBAE3EDFEC14}.Debug|iPhone.Build.0 = Debug|Any CPU
		{CF5330A2-6A81-4AFB-9504-BBAE3EDFEC14}.Debug|iPhoneSimulator.ActiveCfg = Debug|Any CPU
		{CF5330A2-6A81-4AFB-9504-BBAE3EDFEC14}.Debug|iPhoneSimulator.Build.0 = Debug|Any CPU
		{CF5330A2-6A81-4AFB-9504-BBAE3EDFEC14}.Debug|x64.ActiveCfg = Debug|x64
		{CF5330A2-6A81-4AFB-9504-BBAE3EDFEC14}.Debug|x64.Build.0 = Debug|x64
		{CF5330A2-6A81-4AFB-9504-BBAE3EDFEC14}.Debug|x86.ActiveCfg = Debug|x86
		{CF5330A2-6A81-4AFB-9504-BBAE3EDFEC14}.Debug|x86.Build.0 = Debug|x86
		{CF5330A2-6A81-4AFB-9504-BBAE3EDFEC14}.Release|Any CPU.ActiveCfg = Release|Any CPU
		{CF5330A2-6A81-4AFB-9504-BBAE3EDFEC14}.Release|Any CPU.Build.0 = Release|Any CPU
		{CF5330A2-6A81-4AFB-9504-BBAE3EDFEC14}.Release|ARM.ActiveCfg = Release|ARM
		{CF5330A2-6A81-4AFB-9504-BBAE3EDFEC14}.Release|ARM.Build.0 = Release|ARM
		{CF5330A2-6A81-4AFB-9504-BBAE3EDFEC14}.Release|iPhone.ActiveCfg = Release|Any CPU
		{CF5330A2-6A81-4AFB-9504-BBAE3EDFEC14}.Release|iPhone.Build.0 = Release|Any CPU
		{CF5330A2-6A81-4AFB-9504-BBAE3EDFEC14}.Release|iPhoneSimulator.ActiveCfg = Release|Any CPU
		{CF5330A2-6A81-4AFB-9504-BBAE3EDFEC14}.Release|iPhoneSimulator.Build.0 = Release|Any CPU
		{CF5330A2-6A81-4AFB-9504-BBAE3EDFEC14}.Release|x64.ActiveCfg = Release|x64
		{CF5330A2-6A81-4AFB-9504-BBAE3EDFEC14}.Release|x64.Build.0 = Release|x64
		{CF5330A2-6A81-4AFB-9504-BBAE3EDFEC14}.Release|x86.ActiveCfg = Release|x86
		{CF5330A2-6A81-4AFB-9504-BBAE3EDFEC14}.Release|x86.Build.0 = Release|x86
		{0DAA9F91-B96F-4C9C-856C-256D54E9AAEE}.Ad-Hoc|Any CPU.ActiveCfg = Release|Any CPU
		{0DAA9F91-B96F-4C9C-856C-256D54E9AAEE}.Ad-Hoc|Any CPU.Build.0 = Release|Any CPU
		{0DAA9F91-B96F-4C9C-856C-256D54E9AAEE}.Ad-Hoc|ARM.ActiveCfg = Release|ARM
		{0DAA9F91-B96F-4C9C-856C-256D54E9AAEE}.Ad-Hoc|ARM.Build.0 = Release|ARM
		{0DAA9F91-B96F-4C9C-856C-256D54E9AAEE}.Ad-Hoc|iPhone.ActiveCfg = Release|Any CPU
		{0DAA9F91-B96F-4C9C-856C-256D54E9AAEE}.Ad-Hoc|iPhone.Build.0 = Release|Any CPU
		{0DAA9F91-B96F-4C9C-856C-256D54E9AAEE}.Ad-Hoc|iPhoneSimulator.ActiveCfg = Release|Any CPU
		{0DAA9F91-B96F-4C9C-856C-256D54E9AAEE}.Ad-Hoc|iPhoneSimulator.Build.0 = Release|Any CPU
		{0DAA9F91-B96F-4C9C-856C-256D54E9AAEE}.Ad-Hoc|x64.ActiveCfg = Release|Any CPU
		{0DAA9F91-B96F-4C9C-856C-256D54E9AAEE}.Ad-Hoc|x64.Build.0 = Release|Any CPU
		{0DAA9F91-B96F-4C9C-856C-256D54E9AAEE}.Ad-Hoc|x86.ActiveCfg = Release|x86
		{0DAA9F91-B96F-4C9C-856C-256D54E9AAEE}.Ad-Hoc|x86.Build.0 = Release|x86
		{0DAA9F91-B96F-4C9C-856C-256D54E9AAEE}.AppStore|Any CPU.ActiveCfg = Release|Any CPU
		{0DAA9F91-B96F-4C9C-856C-256D54E9AAEE}.AppStore|Any CPU.Build.0 = Release|Any CPU
		{0DAA9F91-B96F-4C9C-856C-256D54E9AAEE}.AppStore|ARM.ActiveCfg = Release|ARM
		{0DAA9F91-B96F-4C9C-856C-256D54E9AAEE}.AppStore|ARM.Build.0 = Release|ARM
		{0DAA9F91-B96F-4C9C-856C-256D54E9AAEE}.AppStore|iPhone.ActiveCfg = Release|Any CPU
		{0DAA9F91-B96F-4C9C-856C-256D54E9AAEE}.AppStore|iPhone.Build.0 = Release|Any CPU
		{0DAA9F91-B96F-4C9C-856C-256D54E9AAEE}.AppStore|iPhoneSimulator.ActiveCfg = Release|Any CPU
		{0DAA9F91-B96F-4C9C-856C-256D54E9AAEE}.AppStore|iPhoneSimulator.Build.0 = Release|Any CPU
		{0DAA9F91-B96F-4C9C-856C-256D54E9AAEE}.AppStore|x64.ActiveCfg = Release|Any CPU
		{0DAA9F91-B96F-4C9C-856C-256D54E9AAEE}.AppStore|x64.Build.0 = Release|Any CPU
		{0DAA9F91-B96F-4C9C-856C-256D54E9AAEE}.AppStore|x86.ActiveCfg = Release|x86
		{0DAA9F91-B96F-4C9C-856C-256D54E9AAEE}.AppStore|x86.Build.0 = Release|x86
		{0DAA9F91-B96F-4C9C-856C-256D54E9AAEE}.Debug|Any CPU.ActiveCfg = Debug|Any CPU
		{0DAA9F91-B96F-4C9C-856C-256D54E9AAEE}.Debug|Any CPU.Build.0 = Debug|Any CPU
		{0DAA9F91-B96F-4C9C-856C-256D54E9AAEE}.Debug|ARM.ActiveCfg = Debug|ARM
		{0DAA9F91-B96F-4C9C-856C-256D54E9AAEE}.Debug|ARM.Build.0 = Debug|ARM
		{0DAA9F91-B96F-4C9C-856C-256D54E9AAEE}.Debug|iPhone.ActiveCfg = Debug|Any CPU
		{0DAA9F91-B96F-4C9C-856C-256D54E9AAEE}.Debug|iPhone.Build.0 = Debug|Any CPU
		{0DAA9F91-B96F-4C9C-856C-256D54E9AAEE}.Debug|iPhoneSimulator.ActiveCfg = Debug|Any CPU
		{0DAA9F91-B96F-4C9C-856C-256D54E9AAEE}.Debug|iPhoneSimulator.Build.0 = Debug|Any CPU
		{0DAA9F91-B96F-4C9C-856C-256D54E9AAEE}.Debug|x64.ActiveCfg = Debug|Any CPU
		{0DAA9F91-B96F-4C9C-856C-256D54E9AAEE}.Debug|x64.Build.0 = Debug|Any CPU
		{0DAA9F91-B96F-4C9C-856C-256D54E9AAEE}.Debug|x86.ActiveCfg = Debug|x86
		{0DAA9F91-B96F-4C9C-856C-256D54E9AAEE}.Debug|x86.Build.0 = Debug|x86
		{0DAA9F91-B96F-4C9C-856C-256D54E9AAEE}.Release|Any CPU.ActiveCfg = Release|Any CPU
		{0DAA9F91-B96F-4C9C-856C-256D54E9AAEE}.Release|Any CPU.Build.0 = Release|Any CPU
		{0DAA9F91-B96F-4C9C-856C-256D54E9AAEE}.Release|ARM.ActiveCfg = Release|ARM
		{0DAA9F91-B96F-4C9C-856C-256D54E9AAEE}.Release|ARM.Build.0 = Release|ARM
		{0DAA9F91-B96F-4C9C-856C-256D54E9AAEE}.Release|iPhone.ActiveCfg = Release|Any CPU
		{0DAA9F91-B96F-4C9C-856C-256D54E9AAEE}.Release|iPhone.Build.0 = Release|Any CPU
		{0DAA9F91-B96F-4C9C-856C-256D54E9AAEE}.Release|iPhoneSimulator.ActiveCfg = Release|Any CPU
		{0DAA9F91-B96F-4C9C-856C-256D54E9AAEE}.Release|iPhoneSimulator.Build.0 = Release|Any CPU
		{0DAA9F91-B96F-4C9C-856C-256D54E9AAEE}.Release|x64.ActiveCfg = Release|Any CPU
		{0DAA9F91-B96F-4C9C-856C-256D54E9AAEE}.Release|x64.Build.0 = Release|Any CPU
		{0DAA9F91-B96F-4C9C-856C-256D54E9AAEE}.Release|x86.ActiveCfg = Release|x86
		{0DAA9F91-B96F-4C9C-856C-256D54E9AAEE}.Release|x86.Build.0 = Release|x86
		{871CF40C-5C42-43B9-9AAE-0B1E5B41FD4A}.Ad-Hoc|Any CPU.ActiveCfg = Release|Any CPU
		{871CF40C-5C42-43B9-9AAE-0B1E5B41FD4A}.Ad-Hoc|Any CPU.Build.0 = Release|Any CPU
		{871CF40C-5C42-43B9-9AAE-0B1E5B41FD4A}.Ad-Hoc|ARM.ActiveCfg = Release|Any CPU
		{871CF40C-5C42-43B9-9AAE-0B1E5B41FD4A}.Ad-Hoc|ARM.Build.0 = Release|Any CPU
		{871CF40C-5C42-43B9-9AAE-0B1E5B41FD4A}.Ad-Hoc|iPhone.ActiveCfg = Release|Any CPU
		{871CF40C-5C42-43B9-9AAE-0B1E5B41FD4A}.Ad-Hoc|iPhone.Build.0 = Release|Any CPU
		{871CF40C-5C42-43B9-9AAE-0B1E5B41FD4A}.Ad-Hoc|iPhoneSimulator.ActiveCfg = Release|Any CPU
		{871CF40C-5C42-43B9-9AAE-0B1E5B41FD4A}.Ad-Hoc|iPhoneSimulator.Build.0 = Release|Any CPU
		{871CF40C-5C42-43B9-9AAE-0B1E5B41FD4A}.Ad-Hoc|x64.ActiveCfg = Release|Any CPU
		{871CF40C-5C42-43B9-9AAE-0B1E5B41FD4A}.Ad-Hoc|x64.Build.0 = Release|Any CPU
		{871CF40C-5C42-43B9-9AAE-0B1E5B41FD4A}.Ad-Hoc|x86.ActiveCfg = Release|Any CPU
		{871CF40C-5C42-43B9-9AAE-0B1E5B41FD4A}.Ad-Hoc|x86.Build.0 = Release|Any CPU
		{871CF40C-5C42-43B9-9AAE-0B1E5B41FD4A}.AppStore|Any CPU.ActiveCfg = Release|Any CPU
		{871CF40C-5C42-43B9-9AAE-0B1E5B41FD4A}.AppStore|Any CPU.Build.0 = Release|Any CPU
		{871CF40C-5C42-43B9-9AAE-0B1E5B41FD4A}.AppStore|ARM.ActiveCfg = Release|Any CPU
		{871CF40C-5C42-43B9-9AAE-0B1E5B41FD4A}.AppStore|ARM.Build.0 = Release|Any CPU
		{871CF40C-5C42-43B9-9AAE-0B1E5B41FD4A}.AppStore|iPhone.ActiveCfg = Release|Any CPU
		{871CF40C-5C42-43B9-9AAE-0B1E5B41FD4A}.AppStore|iPhone.Build.0 = Release|Any CPU
		{871CF40C-5C42-43B9-9AAE-0B1E5B41FD4A}.AppStore|iPhoneSimulator.ActiveCfg = Release|Any CPU
		{871CF40C-5C42-43B9-9AAE-0B1E5B41FD4A}.AppStore|iPhoneSimulator.Build.0 = Release|Any CPU
		{871CF40C-5C42-43B9-9AAE-0B1E5B41FD4A}.AppStore|x64.ActiveCfg = Release|Any CPU
		{871CF40C-5C42-43B9-9AAE-0B1E5B41FD4A}.AppStore|x64.Build.0 = Release|Any CPU
		{871CF40C-5C42-43B9-9AAE-0B1E5B41FD4A}.AppStore|x86.ActiveCfg = Release|Any CPU
		{871CF40C-5C42-43B9-9AAE-0B1E5B41FD4A}.AppStore|x86.Build.0 = Release|Any CPU
		{871CF40C-5C42-43B9-9AAE-0B1E5B41FD4A}.Debug|Any CPU.ActiveCfg = Debug|Any CPU
		{871CF40C-5C42-43B9-9AAE-0B1E5B41FD4A}.Debug|Any CPU.Build.0 = Debug|Any CPU
		{871CF40C-5C42-43B9-9AAE-0B1E5B41FD4A}.Debug|ARM.ActiveCfg = Debug|Any CPU
		{871CF40C-5C42-43B9-9AAE-0B1E5B41FD4A}.Debug|ARM.Build.0 = Debug|Any CPU
		{871CF40C-5C42-43B9-9AAE-0B1E5B41FD4A}.Debug|iPhone.ActiveCfg = Debug|Any CPU
		{871CF40C-5C42-43B9-9AAE-0B1E5B41FD4A}.Debug|iPhone.Build.0 = Debug|Any CPU
		{871CF40C-5C42-43B9-9AAE-0B1E5B41FD4A}.Debug|iPhoneSimulator.ActiveCfg = Debug|Any CPU
		{871CF40C-5C42-43B9-9AAE-0B1E5B41FD4A}.Debug|iPhoneSimulator.Build.0 = Debug|Any CPU
		{871CF40C-5C42-43B9-9AAE-0B1E5B41FD4A}.Debug|x64.ActiveCfg = Debug|Any CPU
		{871CF40C-5C42-43B9-9AAE-0B1E5B41FD4A}.Debug|x64.Build.0 = Debug|Any CPU
		{871CF40C-5C42-43B9-9AAE-0B1E5B41FD4A}.Debug|x86.ActiveCfg = Debug|Any CPU
		{871CF40C-5C42-43B9-9AAE-0B1E5B41FD4A}.Debug|x86.Build.0 = Debug|Any CPU
		{871CF40C-5C42-43B9-9AAE-0B1E5B41FD4A}.Release|Any CPU.ActiveCfg = Release|Any CPU
		{871CF40C-5C42-43B9-9AAE-0B1E5B41FD4A}.Release|Any CPU.Build.0 = Release|Any CPU
		{871CF40C-5C42-43B9-9AAE-0B1E5B41FD4A}.Release|ARM.ActiveCfg = Release|Any CPU
		{871CF40C-5C42-43B9-9AAE-0B1E5B41FD4A}.Release|ARM.Build.0 = Release|Any CPU
		{871CF40C-5C42-43B9-9AAE-0B1E5B41FD4A}.Release|iPhone.ActiveCfg = Release|Any CPU
		{871CF40C-5C42-43B9-9AAE-0B1E5B41FD4A}.Release|iPhone.Build.0 = Release|Any CPU
		{871CF40C-5C42-43B9-9AAE-0B1E5B41FD4A}.Release|iPhoneSimulator.ActiveCfg = Release|Any CPU
		{871CF40C-5C42-43B9-9AAE-0B1E5B41FD4A}.Release|iPhoneSimulator.Build.0 = Release|Any CPU
		{871CF40C-5C42-43B9-9AAE-0B1E5B41FD4A}.Release|x64.ActiveCfg = Release|Any CPU
		{871CF40C-5C42-43B9-9AAE-0B1E5B41FD4A}.Release|x64.Build.0 = Release|Any CPU
		{871CF40C-5C42-43B9-9AAE-0B1E5B41FD4A}.Release|x86.ActiveCfg = Release|Any CPU
		{871CF40C-5C42-43B9-9AAE-0B1E5B41FD4A}.Release|x86.Build.0 = Release|Any CPU
		{94626DDD-68C5-4C92-B97A-E20A32D1EB22}.Ad-Hoc|Any CPU.ActiveCfg = Release|Any CPU
		{94626DDD-68C5-4C92-B97A-E20A32D1EB22}.Ad-Hoc|Any CPU.Build.0 = Release|Any CPU
		{94626DDD-68C5-4C92-B97A-E20A32D1EB22}.Ad-Hoc|Any CPU.Deploy.0 = Release|Any CPU
		{94626DDD-68C5-4C92-B97A-E20A32D1EB22}.Ad-Hoc|ARM.ActiveCfg = Release|Any CPU
		{94626DDD-68C5-4C92-B97A-E20A32D1EB22}.Ad-Hoc|ARM.Build.0 = Release|Any CPU
		{94626DDD-68C5-4C92-B97A-E20A32D1EB22}.Ad-Hoc|ARM.Deploy.0 = Release|Any CPU
		{94626DDD-68C5-4C92-B97A-E20A32D1EB22}.Ad-Hoc|iPhone.ActiveCfg = Release|Any CPU
		{94626DDD-68C5-4C92-B97A-E20A32D1EB22}.Ad-Hoc|iPhone.Build.0 = Release|Any CPU
		{94626DDD-68C5-4C92-B97A-E20A32D1EB22}.Ad-Hoc|iPhone.Deploy.0 = Release|Any CPU
		{94626DDD-68C5-4C92-B97A-E20A32D1EB22}.Ad-Hoc|iPhoneSimulator.ActiveCfg = Release|Any CPU
		{94626DDD-68C5-4C92-B97A-E20A32D1EB22}.Ad-Hoc|iPhoneSimulator.Build.0 = Release|Any CPU
		{94626DDD-68C5-4C92-B97A-E20A32D1EB22}.Ad-Hoc|iPhoneSimulator.Deploy.0 = Release|Any CPU
		{94626DDD-68C5-4C92-B97A-E20A32D1EB22}.Ad-Hoc|x64.ActiveCfg = Release|Any CPU
		{94626DDD-68C5-4C92-B97A-E20A32D1EB22}.Ad-Hoc|x64.Build.0 = Release|Any CPU
		{94626DDD-68C5-4C92-B97A-E20A32D1EB22}.Ad-Hoc|x64.Deploy.0 = Release|Any CPU
		{94626DDD-68C5-4C92-B97A-E20A32D1EB22}.Ad-Hoc|x86.ActiveCfg = Release|Any CPU
		{94626DDD-68C5-4C92-B97A-E20A32D1EB22}.Ad-Hoc|x86.Build.0 = Release|Any CPU
		{94626DDD-68C5-4C92-B97A-E20A32D1EB22}.Ad-Hoc|x86.Deploy.0 = Release|Any CPU
		{94626DDD-68C5-4C92-B97A-E20A32D1EB22}.AppStore|Any CPU.ActiveCfg = Release|Any CPU
		{94626DDD-68C5-4C92-B97A-E20A32D1EB22}.AppStore|Any CPU.Build.0 = Release|Any CPU
		{94626DDD-68C5-4C92-B97A-E20A32D1EB22}.AppStore|Any CPU.Deploy.0 = Release|Any CPU
		{94626DDD-68C5-4C92-B97A-E20A32D1EB22}.AppStore|ARM.ActiveCfg = Release|Any CPU
		{94626DDD-68C5-4C92-B97A-E20A32D1EB22}.AppStore|ARM.Build.0 = Release|Any CPU
		{94626DDD-68C5-4C92-B97A-E20A32D1EB22}.AppStore|ARM.Deploy.0 = Release|Any CPU
		{94626DDD-68C5-4C92-B97A-E20A32D1EB22}.AppStore|iPhone.ActiveCfg = Release|Any CPU
		{94626DDD-68C5-4C92-B97A-E20A32D1EB22}.AppStore|iPhone.Build.0 = Release|Any CPU
		{94626DDD-68C5-4C92-B97A-E20A32D1EB22}.AppStore|iPhone.Deploy.0 = Release|Any CPU
		{94626DDD-68C5-4C92-B97A-E20A32D1EB22}.AppStore|iPhoneSimulator.ActiveCfg = Release|Any CPU
		{94626DDD-68C5-4C92-B97A-E20A32D1EB22}.AppStore|iPhoneSimulator.Build.0 = Release|Any CPU
		{94626DDD-68C5-4C92-B97A-E20A32D1EB22}.AppStore|iPhoneSimulator.Deploy.0 = Release|Any CPU
		{94626DDD-68C5-4C92-B97A-E20A32D1EB22}.AppStore|x64.ActiveCfg = Release|Any CPU
		{94626DDD-68C5-4C92-B97A-E20A32D1EB22}.AppStore|x64.Build.0 = Release|Any CPU
		{94626DDD-68C5-4C92-B97A-E20A32D1EB22}.AppStore|x64.Deploy.0 = Release|Any CPU
		{94626DDD-68C5-4C92-B97A-E20A32D1EB22}.AppStore|x86.ActiveCfg = Release|Any CPU
		{94626DDD-68C5-4C92-B97A-E20A32D1EB22}.AppStore|x86.Build.0 = Release|Any CPU
		{94626DDD-68C5-4C92-B97A-E20A32D1EB22}.AppStore|x86.Deploy.0 = Release|Any CPU
		{94626DDD-68C5-4C92-B97A-E20A32D1EB22}.Debug|Any CPU.ActiveCfg = Debug|Any CPU
		{94626DDD-68C5-4C92-B97A-E20A32D1EB22}.Debug|Any CPU.Build.0 = Debug|Any CPU
		{94626DDD-68C5-4C92-B97A-E20A32D1EB22}.Debug|Any CPU.Deploy.0 = Debug|Any CPU
		{94626DDD-68C5-4C92-B97A-E20A32D1EB22}.Debug|ARM.ActiveCfg = Debug|Any CPU
		{94626DDD-68C5-4C92-B97A-E20A32D1EB22}.Debug|ARM.Build.0 = Debug|Any CPU
		{94626DDD-68C5-4C92-B97A-E20A32D1EB22}.Debug|ARM.Deploy.0 = Debug|Any CPU
		{94626DDD-68C5-4C92-B97A-E20A32D1EB22}.Debug|iPhone.ActiveCfg = Debug|Any CPU
		{94626DDD-68C5-4C92-B97A-E20A32D1EB22}.Debug|iPhone.Build.0 = Debug|Any CPU
		{94626DDD-68C5-4C92-B97A-E20A32D1EB22}.Debug|iPhone.Deploy.0 = Debug|Any CPU
		{94626DDD-68C5-4C92-B97A-E20A32D1EB22}.Debug|iPhoneSimulator.ActiveCfg = Debug|Any CPU
		{94626DDD-68C5-4C92-B97A-E20A32D1EB22}.Debug|iPhoneSimulator.Build.0 = Debug|Any CPU
		{94626DDD-68C5-4C92-B97A-E20A32D1EB22}.Debug|iPhoneSimulator.Deploy.0 = Debug|Any CPU
		{94626DDD-68C5-4C92-B97A-E20A32D1EB22}.Debug|x64.ActiveCfg = Debug|Any CPU
		{94626DDD-68C5-4C92-B97A-E20A32D1EB22}.Debug|x64.Build.0 = Debug|Any CPU
		{94626DDD-68C5-4C92-B97A-E20A32D1EB22}.Debug|x64.Deploy.0 = Debug|Any CPU
		{94626DDD-68C5-4C92-B97A-E20A32D1EB22}.Debug|x86.ActiveCfg = Debug|Any CPU
		{94626DDD-68C5-4C92-B97A-E20A32D1EB22}.Debug|x86.Build.0 = Debug|Any CPU
		{94626DDD-68C5-4C92-B97A-E20A32D1EB22}.Debug|x86.Deploy.0 = Debug|Any CPU
		{94626DDD-68C5-4C92-B97A-E20A32D1EB22}.Release|Any CPU.ActiveCfg = Release|Any CPU
		{94626DDD-68C5-4C92-B97A-E20A32D1EB22}.Release|Any CPU.Build.0 = Release|Any CPU
		{94626DDD-68C5-4C92-B97A-E20A32D1EB22}.Release|Any CPU.Deploy.0 = Release|Any CPU
		{94626DDD-68C5-4C92-B97A-E20A32D1EB22}.Release|ARM.ActiveCfg = Release|Any CPU
		{94626DDD-68C5-4C92-B97A-E20A32D1EB22}.Release|ARM.Build.0 = Release|Any CPU
		{94626DDD-68C5-4C92-B97A-E20A32D1EB22}.Release|ARM.Deploy.0 = Release|Any CPU
		{94626DDD-68C5-4C92-B97A-E20A32D1EB22}.Release|iPhone.ActiveCfg = Release|Any CPU
		{94626DDD-68C5-4C92-B97A-E20A32D1EB22}.Release|iPhone.Build.0 = Release|Any CPU
		{94626DDD-68C5-4C92-B97A-E20A32D1EB22}.Release|iPhone.Deploy.0 = Release|Any CPU
		{94626DDD-68C5-4C92-B97A-E20A32D1EB22}.Release|iPhoneSimulator.ActiveCfg = Release|Any CPU
		{94626DDD-68C5-4C92-B97A-E20A32D1EB22}.Release|iPhoneSimulator.Build.0 = Release|Any CPU
		{94626DDD-68C5-4C92-B97A-E20A32D1EB22}.Release|iPhoneSimulator.Deploy.0 = Release|Any CPU
		{94626DDD-68C5-4C92-B97A-E20A32D1EB22}.Release|x64.ActiveCfg = Release|Any CPU
		{94626DDD-68C5-4C92-B97A-E20A32D1EB22}.Release|x64.Build.0 = Release|Any CPU
		{94626DDD-68C5-4C92-B97A-E20A32D1EB22}.Release|x64.Deploy.0 = Release|Any CPU
		{94626DDD-68C5-4C92-B97A-E20A32D1EB22}.Release|x86.ActiveCfg = Release|Any CPU
		{94626DDD-68C5-4C92-B97A-E20A32D1EB22}.Release|x86.Build.0 = Release|Any CPU
		{94626DDD-68C5-4C92-B97A-E20A32D1EB22}.Release|x86.Deploy.0 = Release|Any CPU
		{5EC9428D-4EF8-46BE-A2A0-078E9E616B04}.Ad-Hoc|Any CPU.ActiveCfg = Release|Any CPU
		{5EC9428D-4EF8-46BE-A2A0-078E9E616B04}.Ad-Hoc|Any CPU.Build.0 = Release|Any CPU
		{5EC9428D-4EF8-46BE-A2A0-078E9E616B04}.Ad-Hoc|Any CPU.Deploy.0 = Release|Any CPU
		{5EC9428D-4EF8-46BE-A2A0-078E9E616B04}.Ad-Hoc|ARM.ActiveCfg = Release|ARM
		{5EC9428D-4EF8-46BE-A2A0-078E9E616B04}.Ad-Hoc|ARM.Build.0 = Release|ARM
		{5EC9428D-4EF8-46BE-A2A0-078E9E616B04}.Ad-Hoc|ARM.Deploy.0 = Release|ARM
		{5EC9428D-4EF8-46BE-A2A0-078E9E616B04}.Ad-Hoc|iPhone.ActiveCfg = Release|Any CPU
		{5EC9428D-4EF8-46BE-A2A0-078E9E616B04}.Ad-Hoc|iPhone.Build.0 = Release|Any CPU
		{5EC9428D-4EF8-46BE-A2A0-078E9E616B04}.Ad-Hoc|iPhone.Deploy.0 = Release|Any CPU
		{5EC9428D-4EF8-46BE-A2A0-078E9E616B04}.Ad-Hoc|iPhoneSimulator.ActiveCfg = Release|Any CPU
		{5EC9428D-4EF8-46BE-A2A0-078E9E616B04}.Ad-Hoc|iPhoneSimulator.Build.0 = Release|Any CPU
		{5EC9428D-4EF8-46BE-A2A0-078E9E616B04}.Ad-Hoc|iPhoneSimulator.Deploy.0 = Release|Any CPU
		{5EC9428D-4EF8-46BE-A2A0-078E9E616B04}.Ad-Hoc|x64.ActiveCfg = Release|Any CPU
		{5EC9428D-4EF8-46BE-A2A0-078E9E616B04}.Ad-Hoc|x64.Build.0 = Release|Any CPU
		{5EC9428D-4EF8-46BE-A2A0-078E9E616B04}.Ad-Hoc|x64.Deploy.0 = Release|Any CPU
		{5EC9428D-4EF8-46BE-A2A0-078E9E616B04}.Ad-Hoc|x86.ActiveCfg = Release|x86
		{5EC9428D-4EF8-46BE-A2A0-078E9E616B04}.Ad-Hoc|x86.Build.0 = Release|x86
		{5EC9428D-4EF8-46BE-A2A0-078E9E616B04}.Ad-Hoc|x86.Deploy.0 = Release|x86
		{5EC9428D-4EF8-46BE-A2A0-078E9E616B04}.AppStore|Any CPU.ActiveCfg = Release|Any CPU
		{5EC9428D-4EF8-46BE-A2A0-078E9E616B04}.AppStore|Any CPU.Build.0 = Release|Any CPU
		{5EC9428D-4EF8-46BE-A2A0-078E9E616B04}.AppStore|Any CPU.Deploy.0 = Release|Any CPU
		{5EC9428D-4EF8-46BE-A2A0-078E9E616B04}.AppStore|ARM.ActiveCfg = Release|ARM
		{5EC9428D-4EF8-46BE-A2A0-078E9E616B04}.AppStore|ARM.Build.0 = Release|ARM
		{5EC9428D-4EF8-46BE-A2A0-078E9E616B04}.AppStore|ARM.Deploy.0 = Release|ARM
		{5EC9428D-4EF8-46BE-A2A0-078E9E616B04}.AppStore|iPhone.ActiveCfg = Release|Any CPU
		{5EC9428D-4EF8-46BE-A2A0-078E9E616B04}.AppStore|iPhone.Build.0 = Release|Any CPU
		{5EC9428D-4EF8-46BE-A2A0-078E9E616B04}.AppStore|iPhone.Deploy.0 = Release|Any CPU
		{5EC9428D-4EF8-46BE-A2A0-078E9E616B04}.AppStore|iPhoneSimulator.ActiveCfg = Release|Any CPU
		{5EC9428D-4EF8-46BE-A2A0-078E9E616B04}.AppStore|iPhoneSimulator.Build.0 = Release|Any CPU
		{5EC9428D-4EF8-46BE-A2A0-078E9E616B04}.AppStore|iPhoneSimulator.Deploy.0 = Release|Any CPU
		{5EC9428D-4EF8-46BE-A2A0-078E9E616B04}.AppStore|x64.ActiveCfg = Release|Any CPU
		{5EC9428D-4EF8-46BE-A2A0-078E9E616B04}.AppStore|x64.Build.0 = Release|Any CPU
		{5EC9428D-4EF8-46BE-A2A0-078E9E616B04}.AppStore|x64.Deploy.0 = Release|Any CPU
		{5EC9428D-4EF8-46BE-A2A0-078E9E616B04}.AppStore|x86.ActiveCfg = Release|x86
		{5EC9428D-4EF8-46BE-A2A0-078E9E616B04}.AppStore|x86.Build.0 = Release|x86
		{5EC9428D-4EF8-46BE-A2A0-078E9E616B04}.AppStore|x86.Deploy.0 = Release|x86
		{5EC9428D-4EF8-46BE-A2A0-078E9E616B04}.Debug|Any CPU.ActiveCfg = Debug|Any CPU
		{5EC9428D-4EF8-46BE-A2A0-078E9E616B04}.Debug|Any CPU.Build.0 = Debug|Any CPU
		{5EC9428D-4EF8-46BE-A2A0-078E9E616B04}.Debug|Any CPU.Deploy.0 = Debug|Any CPU
		{5EC9428D-4EF8-46BE-A2A0-078E9E616B04}.Debug|ARM.ActiveCfg = Debug|ARM
		{5EC9428D-4EF8-46BE-A2A0-078E9E616B04}.Debug|ARM.Build.0 = Debug|ARM
		{5EC9428D-4EF8-46BE-A2A0-078E9E616B04}.Debug|ARM.Deploy.0 = Debug|ARM
		{5EC9428D-4EF8-46BE-A2A0-078E9E616B04}.Debug|iPhone.ActiveCfg = Debug|Any CPU
		{5EC9428D-4EF8-46BE-A2A0-078E9E616B04}.Debug|iPhone.Build.0 = Debug|Any CPU
		{5EC9428D-4EF8-46BE-A2A0-078E9E616B04}.Debug|iPhone.Deploy.0 = Debug|Any CPU
		{5EC9428D-4EF8-46BE-A2A0-078E9E616B04}.Debug|iPhoneSimulator.ActiveCfg = Debug|Any CPU
		{5EC9428D-4EF8-46BE-A2A0-078E9E616B04}.Debug|iPhoneSimulator.Build.0 = Debug|Any CPU
		{5EC9428D-4EF8-46BE-A2A0-078E9E616B04}.Debug|iPhoneSimulator.Deploy.0 = Debug|Any CPU
		{5EC9428D-4EF8-46BE-A2A0-078E9E616B04}.Debug|x64.ActiveCfg = Debug|Any CPU
		{5EC9428D-4EF8-46BE-A2A0-078E9E616B04}.Debug|x64.Build.0 = Debug|Any CPU
		{5EC9428D-4EF8-46BE-A2A0-078E9E616B04}.Debug|x64.Deploy.0 = Debug|Any CPU
		{5EC9428D-4EF8-46BE-A2A0-078E9E616B04}.Debug|x86.ActiveCfg = Debug|x86
		{5EC9428D-4EF8-46BE-A2A0-078E9E616B04}.Debug|x86.Build.0 = Debug|x86
		{5EC9428D-4EF8-46BE-A2A0-078E9E616B04}.Debug|x86.Deploy.0 = Debug|x86
		{5EC9428D-4EF8-46BE-A2A0-078E9E616B04}.Release|Any CPU.ActiveCfg = Release|Any CPU
		{5EC9428D-4EF8-46BE-A2A0-078E9E616B04}.Release|Any CPU.Build.0 = Release|Any CPU
		{5EC9428D-4EF8-46BE-A2A0-078E9E616B04}.Release|Any CPU.Deploy.0 = Release|Any CPU
		{5EC9428D-4EF8-46BE-A2A0-078E9E616B04}.Release|ARM.ActiveCfg = Release|ARM
		{5EC9428D-4EF8-46BE-A2A0-078E9E616B04}.Release|ARM.Build.0 = Release|ARM
		{5EC9428D-4EF8-46BE-A2A0-078E9E616B04}.Release|ARM.Deploy.0 = Release|ARM
		{5EC9428D-4EF8-46BE-A2A0-078E9E616B04}.Release|iPhone.ActiveCfg = Release|Any CPU
		{5EC9428D-4EF8-46BE-A2A0-078E9E616B04}.Release|iPhone.Build.0 = Release|Any CPU
		{5EC9428D-4EF8-46BE-A2A0-078E9E616B04}.Release|iPhone.Deploy.0 = Release|Any CPU
		{5EC9428D-4EF8-46BE-A2A0-078E9E616B04}.Release|iPhoneSimulator.ActiveCfg = Release|Any CPU
		{5EC9428D-4EF8-46BE-A2A0-078E9E616B04}.Release|iPhoneSimulator.Build.0 = Release|Any CPU
		{5EC9428D-4EF8-46BE-A2A0-078E9E616B04}.Release|iPhoneSimulator.Deploy.0 = Release|Any CPU
		{5EC9428D-4EF8-46BE-A2A0-078E9E616B04}.Release|x64.ActiveCfg = Release|Any CPU
		{5EC9428D-4EF8-46BE-A2A0-078E9E616B04}.Release|x64.Build.0 = Release|Any CPU
		{5EC9428D-4EF8-46BE-A2A0-078E9E616B04}.Release|x64.Deploy.0 = Release|Any CPU
		{5EC9428D-4EF8-46BE-A2A0-078E9E616B04}.Release|x86.ActiveCfg = Release|x86
		{5EC9428D-4EF8-46BE-A2A0-078E9E616B04}.Release|x86.Build.0 = Release|x86
		{5EC9428D-4EF8-46BE-A2A0-078E9E616B04}.Release|x86.Deploy.0 = Release|x86
		{02AED995-AE9D-4FFB-B257-417F45B2D36A}.Ad-Hoc|Any CPU.ActiveCfg = Release|x86
		{02AED995-AE9D-4FFB-B257-417F45B2D36A}.Ad-Hoc|Any CPU.Build.0 = Release|x86
		{02AED995-AE9D-4FFB-B257-417F45B2D36A}.Ad-Hoc|Any CPU.Deploy.0 = Release|x86
		{02AED995-AE9D-4FFB-B257-417F45B2D36A}.Ad-Hoc|ARM.ActiveCfg = Release|ARM
		{02AED995-AE9D-4FFB-B257-417F45B2D36A}.Ad-Hoc|ARM.Build.0 = Release|ARM
		{02AED995-AE9D-4FFB-B257-417F45B2D36A}.Ad-Hoc|ARM.Deploy.0 = Release|ARM
		{02AED995-AE9D-4FFB-B257-417F45B2D36A}.Ad-Hoc|iPhone.ActiveCfg = Release|x86
		{02AED995-AE9D-4FFB-B257-417F45B2D36A}.Ad-Hoc|iPhone.Build.0 = Release|x86
		{02AED995-AE9D-4FFB-B257-417F45B2D36A}.Ad-Hoc|iPhone.Deploy.0 = Release|x86
		{02AED995-AE9D-4FFB-B257-417F45B2D36A}.Ad-Hoc|iPhoneSimulator.ActiveCfg = Release|x86
		{02AED995-AE9D-4FFB-B257-417F45B2D36A}.Ad-Hoc|iPhoneSimulator.Build.0 = Release|x86
		{02AED995-AE9D-4FFB-B257-417F45B2D36A}.Ad-Hoc|iPhoneSimulator.Deploy.0 = Release|x86
		{02AED995-AE9D-4FFB-B257-417F45B2D36A}.Ad-Hoc|x64.ActiveCfg = Release|x64
		{02AED995-AE9D-4FFB-B257-417F45B2D36A}.Ad-Hoc|x64.Build.0 = Release|x64
		{02AED995-AE9D-4FFB-B257-417F45B2D36A}.Ad-Hoc|x64.Deploy.0 = Release|x64
		{02AED995-AE9D-4FFB-B257-417F45B2D36A}.Ad-Hoc|x86.ActiveCfg = Release|x86
		{02AED995-AE9D-4FFB-B257-417F45B2D36A}.Ad-Hoc|x86.Build.0 = Release|x86
		{02AED995-AE9D-4FFB-B257-417F45B2D36A}.Ad-Hoc|x86.Deploy.0 = Release|x86
		{02AED995-AE9D-4FFB-B257-417F45B2D36A}.AppStore|Any CPU.ActiveCfg = Release|x86
		{02AED995-AE9D-4FFB-B257-417F45B2D36A}.AppStore|Any CPU.Build.0 = Release|x86
		{02AED995-AE9D-4FFB-B257-417F45B2D36A}.AppStore|Any CPU.Deploy.0 = Release|x86
		{02AED995-AE9D-4FFB-B257-417F45B2D36A}.AppStore|ARM.ActiveCfg = Release|ARM
		{02AED995-AE9D-4FFB-B257-417F45B2D36A}.AppStore|ARM.Build.0 = Release|ARM
		{02AED995-AE9D-4FFB-B257-417F45B2D36A}.AppStore|ARM.Deploy.0 = Release|ARM
		{02AED995-AE9D-4FFB-B257-417F45B2D36A}.AppStore|iPhone.ActiveCfg = Release|x86
		{02AED995-AE9D-4FFB-B257-417F45B2D36A}.AppStore|iPhone.Build.0 = Release|x86
		{02AED995-AE9D-4FFB-B257-417F45B2D36A}.AppStore|iPhone.Deploy.0 = Release|x86
		{02AED995-AE9D-4FFB-B257-417F45B2D36A}.AppStore|iPhoneSimulator.ActiveCfg = Release|x86
		{02AED995-AE9D-4FFB-B257-417F45B2D36A}.AppStore|iPhoneSimulator.Build.0 = Release|x86
		{02AED995-AE9D-4FFB-B257-417F45B2D36A}.AppStore|iPhoneSimulator.Deploy.0 = Release|x86
		{02AED995-AE9D-4FFB-B257-417F45B2D36A}.AppStore|x64.ActiveCfg = Release|x64
		{02AED995-AE9D-4FFB-B257-417F45B2D36A}.AppStore|x64.Build.0 = Release|x64
		{02AED995-AE9D-4FFB-B257-417F45B2D36A}.AppStore|x64.Deploy.0 = Release|x64
		{02AED995-AE9D-4FFB-B257-417F45B2D36A}.AppStore|x86.ActiveCfg = Release|x86
		{02AED995-AE9D-4FFB-B257-417F45B2D36A}.AppStore|x86.Build.0 = Release|x86
		{02AED995-AE9D-4FFB-B257-417F45B2D36A}.AppStore|x86.Deploy.0 = Release|x86
		{02AED995-AE9D-4FFB-B257-417F45B2D36A}.Debug|Any CPU.ActiveCfg = Debug|x86
		{02AED995-AE9D-4FFB-B257-417F45B2D36A}.Debug|ARM.ActiveCfg = Debug|ARM
		{02AED995-AE9D-4FFB-B257-417F45B2D36A}.Debug|ARM.Build.0 = Debug|ARM
		{02AED995-AE9D-4FFB-B257-417F45B2D36A}.Debug|ARM.Deploy.0 = Debug|ARM
		{02AED995-AE9D-4FFB-B257-417F45B2D36A}.Debug|iPhone.ActiveCfg = Debug|x86
		{02AED995-AE9D-4FFB-B257-417F45B2D36A}.Debug|iPhoneSimulator.ActiveCfg = Debug|x86
		{02AED995-AE9D-4FFB-B257-417F45B2D36A}.Debug|x64.ActiveCfg = Debug|x64
		{02AED995-AE9D-4FFB-B257-417F45B2D36A}.Debug|x64.Build.0 = Debug|x64
		{02AED995-AE9D-4FFB-B257-417F45B2D36A}.Debug|x64.Deploy.0 = Debug|x64
		{02AED995-AE9D-4FFB-B257-417F45B2D36A}.Debug|x86.ActiveCfg = Debug|x86
		{02AED995-AE9D-4FFB-B257-417F45B2D36A}.Debug|x86.Build.0 = Debug|x86
		{02AED995-AE9D-4FFB-B257-417F45B2D36A}.Debug|x86.Deploy.0 = Debug|x86
		{02AED995-AE9D-4FFB-B257-417F45B2D36A}.Release|Any CPU.ActiveCfg = Release|x86
		{02AED995-AE9D-4FFB-B257-417F45B2D36A}.Release|ARM.ActiveCfg = Release|ARM
		{02AED995-AE9D-4FFB-B257-417F45B2D36A}.Release|ARM.Build.0 = Release|ARM
		{02AED995-AE9D-4FFB-B257-417F45B2D36A}.Release|ARM.Deploy.0 = Release|ARM
		{02AED995-AE9D-4FFB-B257-417F45B2D36A}.Release|iPhone.ActiveCfg = Release|x86
		{02AED995-AE9D-4FFB-B257-417F45B2D36A}.Release|iPhoneSimulator.ActiveCfg = Release|x86
		{02AED995-AE9D-4FFB-B257-417F45B2D36A}.Release|x64.ActiveCfg = Release|x64
		{02AED995-AE9D-4FFB-B257-417F45B2D36A}.Release|x64.Build.0 = Release|x64
		{02AED995-AE9D-4FFB-B257-417F45B2D36A}.Release|x64.Deploy.0 = Release|x64
		{02AED995-AE9D-4FFB-B257-417F45B2D36A}.Release|x86.ActiveCfg = Release|x86
		{02AED995-AE9D-4FFB-B257-417F45B2D36A}.Release|x86.Build.0 = Release|x86
		{02AED995-AE9D-4FFB-B257-417F45B2D36A}.Release|x86.Deploy.0 = Release|x86
		{90480552-6CBB-4323-A858-1E68B1F74D2B}.Ad-Hoc|Any CPU.ActiveCfg = Release|Any CPU
		{90480552-6CBB-4323-A858-1E68B1F74D2B}.Ad-Hoc|Any CPU.Build.0 = Release|Any CPU
		{90480552-6CBB-4323-A858-1E68B1F74D2B}.Ad-Hoc|Any CPU.Deploy.0 = Release|Any CPU
		{90480552-6CBB-4323-A858-1E68B1F74D2B}.Ad-Hoc|ARM.ActiveCfg = Release|ARM
		{90480552-6CBB-4323-A858-1E68B1F74D2B}.Ad-Hoc|ARM.Build.0 = Release|ARM
		{90480552-6CBB-4323-A858-1E68B1F74D2B}.Ad-Hoc|ARM.Deploy.0 = Release|ARM
		{90480552-6CBB-4323-A858-1E68B1F74D2B}.Ad-Hoc|iPhone.ActiveCfg = Release|Any CPU
		{90480552-6CBB-4323-A858-1E68B1F74D2B}.Ad-Hoc|iPhone.Build.0 = Release|Any CPU
		{90480552-6CBB-4323-A858-1E68B1F74D2B}.Ad-Hoc|iPhone.Deploy.0 = Release|Any CPU
		{90480552-6CBB-4323-A858-1E68B1F74D2B}.Ad-Hoc|iPhoneSimulator.ActiveCfg = Release|Any CPU
		{90480552-6CBB-4323-A858-1E68B1F74D2B}.Ad-Hoc|iPhoneSimulator.Build.0 = Release|Any CPU
		{90480552-6CBB-4323-A858-1E68B1F74D2B}.Ad-Hoc|iPhoneSimulator.Deploy.0 = Release|Any CPU
		{90480552-6CBB-4323-A858-1E68B1F74D2B}.Ad-Hoc|x64.ActiveCfg = Release|x64
		{90480552-6CBB-4323-A858-1E68B1F74D2B}.Ad-Hoc|x64.Build.0 = Release|x64
		{90480552-6CBB-4323-A858-1E68B1F74D2B}.Ad-Hoc|x64.Deploy.0 = Release|x64
		{90480552-6CBB-4323-A858-1E68B1F74D2B}.Ad-Hoc|x86.ActiveCfg = Release|x86
		{90480552-6CBB-4323-A858-1E68B1F74D2B}.Ad-Hoc|x86.Build.0 = Release|x86
		{90480552-6CBB-4323-A858-1E68B1F74D2B}.Ad-Hoc|x86.Deploy.0 = Release|x86
		{90480552-6CBB-4323-A858-1E68B1F74D2B}.AppStore|Any CPU.ActiveCfg = Release|Any CPU
		{90480552-6CBB-4323-A858-1E68B1F74D2B}.AppStore|Any CPU.Build.0 = Release|Any CPU
		{90480552-6CBB-4323-A858-1E68B1F74D2B}.AppStore|Any CPU.Deploy.0 = Release|Any CPU
		{90480552-6CBB-4323-A858-1E68B1F74D2B}.AppStore|ARM.ActiveCfg = Release|ARM
		{90480552-6CBB-4323-A858-1E68B1F74D2B}.AppStore|ARM.Build.0 = Release|ARM
		{90480552-6CBB-4323-A858-1E68B1F74D2B}.AppStore|ARM.Deploy.0 = Release|ARM
		{90480552-6CBB-4323-A858-1E68B1F74D2B}.AppStore|iPhone.ActiveCfg = Release|Any CPU
		{90480552-6CBB-4323-A858-1E68B1F74D2B}.AppStore|iPhone.Build.0 = Release|Any CPU
		{90480552-6CBB-4323-A858-1E68B1F74D2B}.AppStore|iPhone.Deploy.0 = Release|Any CPU
		{90480552-6CBB-4323-A858-1E68B1F74D2B}.AppStore|iPhoneSimulator.ActiveCfg = Release|Any CPU
		{90480552-6CBB-4323-A858-1E68B1F74D2B}.AppStore|iPhoneSimulator.Build.0 = Release|Any CPU
		{90480552-6CBB-4323-A858-1E68B1F74D2B}.AppStore|iPhoneSimulator.Deploy.0 = Release|Any CPU
		{90480552-6CBB-4323-A858-1E68B1F74D2B}.AppStore|x64.ActiveCfg = Release|x64
		{90480552-6CBB-4323-A858-1E68B1F74D2B}.AppStore|x64.Build.0 = Release|x64
		{90480552-6CBB-4323-A858-1E68B1F74D2B}.AppStore|x64.Deploy.0 = Release|x64
		{90480552-6CBB-4323-A858-1E68B1F74D2B}.AppStore|x86.ActiveCfg = Release|x86
		{90480552-6CBB-4323-A858-1E68B1F74D2B}.AppStore|x86.Build.0 = Release|x86
		{90480552-6CBB-4323-A858-1E68B1F74D2B}.AppStore|x86.Deploy.0 = Release|x86
		{90480552-6CBB-4323-A858-1E68B1F74D2B}.Debug|Any CPU.ActiveCfg = Debug|Any CPU
		{90480552-6CBB-4323-A858-1E68B1F74D2B}.Debug|Any CPU.Build.0 = Debug|Any CPU
		{90480552-6CBB-4323-A858-1E68B1F74D2B}.Debug|Any CPU.Deploy.0 = Debug|Any CPU
		{90480552-6CBB-4323-A858-1E68B1F74D2B}.Debug|ARM.ActiveCfg = Debug|ARM
		{90480552-6CBB-4323-A858-1E68B1F74D2B}.Debug|ARM.Build.0 = Debug|ARM
		{90480552-6CBB-4323-A858-1E68B1F74D2B}.Debug|ARM.Deploy.0 = Debug|ARM
		{90480552-6CBB-4323-A858-1E68B1F74D2B}.Debug|iPhone.ActiveCfg = Debug|Any CPU
		{90480552-6CBB-4323-A858-1E68B1F74D2B}.Debug|iPhone.Build.0 = Debug|Any CPU
		{90480552-6CBB-4323-A858-1E68B1F74D2B}.Debug|iPhone.Deploy.0 = Debug|Any CPU
		{90480552-6CBB-4323-A858-1E68B1F74D2B}.Debug|iPhoneSimulator.ActiveCfg = Debug|Any CPU
		{90480552-6CBB-4323-A858-1E68B1F74D2B}.Debug|iPhoneSimulator.Build.0 = Debug|Any CPU
		{90480552-6CBB-4323-A858-1E68B1F74D2B}.Debug|iPhoneSimulator.Deploy.0 = Debug|Any CPU
		{90480552-6CBB-4323-A858-1E68B1F74D2B}.Debug|x64.ActiveCfg = Debug|x64
		{90480552-6CBB-4323-A858-1E68B1F74D2B}.Debug|x64.Build.0 = Debug|x64
		{90480552-6CBB-4323-A858-1E68B1F74D2B}.Debug|x64.Deploy.0 = Debug|x64
		{90480552-6CBB-4323-A858-1E68B1F74D2B}.Debug|x86.ActiveCfg = Debug|x86
		{90480552-6CBB-4323-A858-1E68B1F74D2B}.Debug|x86.Build.0 = Debug|x86
		{90480552-6CBB-4323-A858-1E68B1F74D2B}.Debug|x86.Deploy.0 = Debug|x86
		{90480552-6CBB-4323-A858-1E68B1F74D2B}.Release|Any CPU.ActiveCfg = Release|Any CPU
		{90480552-6CBB-4323-A858-1E68B1F74D2B}.Release|Any CPU.Build.0 = Release|Any CPU
		{90480552-6CBB-4323-A858-1E68B1F74D2B}.Release|Any CPU.Deploy.0 = Release|Any CPU
		{90480552-6CBB-4323-A858-1E68B1F74D2B}.Release|ARM.ActiveCfg = Release|ARM
		{90480552-6CBB-4323-A858-1E68B1F74D2B}.Release|ARM.Build.0 = Release|ARM
		{90480552-6CBB-4323-A858-1E68B1F74D2B}.Release|ARM.Deploy.0 = Release|ARM
		{90480552-6CBB-4323-A858-1E68B1F74D2B}.Release|iPhone.ActiveCfg = Release|Any CPU
		{90480552-6CBB-4323-A858-1E68B1F74D2B}.Release|iPhone.Build.0 = Release|Any CPU
		{90480552-6CBB-4323-A858-1E68B1F74D2B}.Release|iPhone.Deploy.0 = Release|Any CPU
		{90480552-6CBB-4323-A858-1E68B1F74D2B}.Release|iPhoneSimulator.ActiveCfg = Release|Any CPU
		{90480552-6CBB-4323-A858-1E68B1F74D2B}.Release|iPhoneSimulator.Build.0 = Release|Any CPU
		{90480552-6CBB-4323-A858-1E68B1F74D2B}.Release|iPhoneSimulator.Deploy.0 = Release|Any CPU
		{90480552-6CBB-4323-A858-1E68B1F74D2B}.Release|x64.ActiveCfg = Release|x64
		{90480552-6CBB-4323-A858-1E68B1F74D2B}.Release|x64.Build.0 = Release|x64
		{90480552-6CBB-4323-A858-1E68B1F74D2B}.Release|x64.Deploy.0 = Release|x64
		{90480552-6CBB-4323-A858-1E68B1F74D2B}.Release|x86.ActiveCfg = Release|x86
		{90480552-6CBB-4323-A858-1E68B1F74D2B}.Release|x86.Build.0 = Release|x86
		{90480552-6CBB-4323-A858-1E68B1F74D2B}.Release|x86.Deploy.0 = Release|x86
		{18937E4E-9ED1-4778-A5FA-2B8DC1F61DD7}.Ad-Hoc|Any CPU.ActiveCfg = Ad-Hoc|iPhone
		{18937E4E-9ED1-4778-A5FA-2B8DC1F61DD7}.Ad-Hoc|ARM.ActiveCfg = Ad-Hoc|iPhone
		{18937E4E-9ED1-4778-A5FA-2B8DC1F61DD7}.Ad-Hoc|iPhone.ActiveCfg = Ad-Hoc|iPhone
		{18937E4E-9ED1-4778-A5FA-2B8DC1F61DD7}.Ad-Hoc|iPhone.Build.0 = Ad-Hoc|iPhone
		{18937E4E-9ED1-4778-A5FA-2B8DC1F61DD7}.Ad-Hoc|iPhoneSimulator.ActiveCfg = Ad-Hoc|iPhoneSimulator
		{18937E4E-9ED1-4778-A5FA-2B8DC1F61DD7}.Ad-Hoc|iPhoneSimulator.Build.0 = Ad-Hoc|iPhoneSimulator
		{18937E4E-9ED1-4778-A5FA-2B8DC1F61DD7}.Ad-Hoc|x64.ActiveCfg = Ad-Hoc|iPhone
		{18937E4E-9ED1-4778-A5FA-2B8DC1F61DD7}.Ad-Hoc|x86.ActiveCfg = Ad-Hoc|iPhone
		{18937E4E-9ED1-4778-A5FA-2B8DC1F61DD7}.AppStore|Any CPU.ActiveCfg = AppStore|iPhone
		{18937E4E-9ED1-4778-A5FA-2B8DC1F61DD7}.AppStore|ARM.ActiveCfg = AppStore|iPhone
		{18937E4E-9ED1-4778-A5FA-2B8DC1F61DD7}.AppStore|iPhone.ActiveCfg = AppStore|iPhone
		{18937E4E-9ED1-4778-A5FA-2B8DC1F61DD7}.AppStore|iPhone.Build.0 = AppStore|iPhone
		{18937E4E-9ED1-4778-A5FA-2B8DC1F61DD7}.AppStore|iPhoneSimulator.ActiveCfg = AppStore|iPhoneSimulator
		{18937E4E-9ED1-4778-A5FA-2B8DC1F61DD7}.AppStore|iPhoneSimulator.Build.0 = AppStore|iPhoneSimulator
		{18937E4E-9ED1-4778-A5FA-2B8DC1F61DD7}.AppStore|x64.ActiveCfg = AppStore|iPhone
		{18937E4E-9ED1-4778-A5FA-2B8DC1F61DD7}.AppStore|x86.ActiveCfg = AppStore|iPhone
		{18937E4E-9ED1-4778-A5FA-2B8DC1F61DD7}.Debug|Any CPU.ActiveCfg = Debug|iPhone
		{18937E4E-9ED1-4778-A5FA-2B8DC1F61DD7}.Debug|ARM.ActiveCfg = Debug|iPhone
		{18937E4E-9ED1-4778-A5FA-2B8DC1F61DD7}.Debug|iPhone.ActiveCfg = Debug|iPhone
		{18937E4E-9ED1-4778-A5FA-2B8DC1F61DD7}.Debug|iPhone.Build.0 = Debug|iPhone
		{18937E4E-9ED1-4778-A5FA-2B8DC1F61DD7}.Debug|iPhoneSimulator.ActiveCfg = Debug|iPhoneSimulator
		{18937E4E-9ED1-4778-A5FA-2B8DC1F61DD7}.Debug|iPhoneSimulator.Build.0 = Debug|iPhoneSimulator
		{18937E4E-9ED1-4778-A5FA-2B8DC1F61DD7}.Debug|x64.ActiveCfg = Debug|iPhone
		{18937E4E-9ED1-4778-A5FA-2B8DC1F61DD7}.Debug|x86.ActiveCfg = Debug|iPhone
		{18937E4E-9ED1-4778-A5FA-2B8DC1F61DD7}.Release|Any CPU.ActiveCfg = Release|iPhone
		{18937E4E-9ED1-4778-A5FA-2B8DC1F61DD7}.Release|ARM.ActiveCfg = Release|iPhone
		{18937E4E-9ED1-4778-A5FA-2B8DC1F61DD7}.Release|iPhone.ActiveCfg = Release|iPhone
		{18937E4E-9ED1-4778-A5FA-2B8DC1F61DD7}.Release|iPhone.Build.0 = Release|iPhone
		{18937E4E-9ED1-4778-A5FA-2B8DC1F61DD7}.Release|iPhoneSimulator.ActiveCfg = Release|iPhoneSimulator
		{18937E4E-9ED1-4778-A5FA-2B8DC1F61DD7}.Release|iPhoneSimulator.Build.0 = Release|iPhoneSimulator
		{18937E4E-9ED1-4778-A5FA-2B8DC1F61DD7}.Release|x64.ActiveCfg = Release|iPhone
		{18937E4E-9ED1-4778-A5FA-2B8DC1F61DD7}.Release|x86.ActiveCfg = Release|iPhone
	EndGlobalSection
	GlobalSection(SolutionProperties) = preSolution
		HideSolutionNode = FALSE
	EndGlobalSection
	GlobalSection(NestedProjects) = preSolution
		{30757D16-8A20-4CC2-A4B7-1DEEC7C77C51} = {8E99BA0D-D1A2-4590-9774-BC57438E8897}
		{56A85B31-56C1-452E-9DE1-C48C163D07FF} = {8E99BA0D-D1A2-4590-9774-BC57438E8897}
		{59302C85-D429-4494-96E2-E9483F77C15A} = {8E99BA0D-D1A2-4590-9774-BC57438E8897}
		{0F1E83B1-7A91-4965-A927-3CECAB1DBAA1} = {8E99BA0D-D1A2-4590-9774-BC57438E8897}
		{A776216F-D7D4-44F1-9371-5DEEDD40A592} = {8E99BA0D-D1A2-4590-9774-BC57438E8897}
		{CF5330A2-6A81-4AFB-9504-BBAE3EDFEC14} = {8E99BA0D-D1A2-4590-9774-BC57438E8897}
		{0DAA9F91-B96F-4C9C-856C-256D54E9AAEE} = {8E99BA0D-D1A2-4590-9774-BC57438E8897}
		{EEBC365A-1DDA-4979-BD32-7E11B8E0C2A6} = {8E99BA0D-D1A2-4590-9774-BC57438E8897}
	EndGlobalSection
EndGlobal
